<?xml version="1.0" encoding="utf-8"?>
<Project ToolsVersion="4.0" xmlns="http://schemas.microsoft.com/developer/msbuild/2003">
  <ItemGroup>
    <Filter Include="源文件">
      <UniqueIdentifier>{4FC737F1-C7A5-4376-A066-2A32D752A2FF}</UniqueIdentifier>
      <Extensions>cpp;c;cc;cxx;def;odl;idl;hpj;bat;asm;asmx</Extensions>
    </Filter>
    <Filter Include="头文件">
      <UniqueIdentifier>{93995380-89BD-4b04-88EB-625FBE52EBFB}</UniqueIdentifier>
      <Extensions>h;hh;hpp;hxx;hm;inl;inc;ipp;xsd</Extensions>
    </Filter>
    <Filter Include="资源文件">
      <UniqueIdentifier>{67DA6AB6-F800-4c08-8B7A-83BB121AAD01}</UniqueIdentifier>
      <Extensions>rc;ico;cur;bmp;dlg;rc2;rct;bin;rgs;gif;jpg;jpeg;jpe;resx;tiff;tif;png;wav;mfcribbon-ms</Extensions>
    </Filter>
  </ItemGroup>
  <ItemGroup>
    <ClInclude Include="..\..\..\src\freetype\include\ft2build.h">
      <Filter>头文件</Filter>
    </ClInclude>
    <ClInclude Include="..\..\..\src\freetype\include\freetype\internal\autohint.h">
      <Filter>头文件</Filter>
    </ClInclude>
    <ClInclude Include="..\..\..\src\freetype\include\freetype\internal\cffotypes.h">
      <Filter>头文件</Filter>
    </ClInclude>
    <ClInclude Include="..\..\..\src\freetype\include\freetype\internal\cfftypes.h">
      <Filter>头文件</Filter>
    </ClInclude>
    <ClInclude Include="..\..\..\src\freetype\include\freetype\ftadvanc.h">
      <Filter>头文件</Filter>
    </ClInclude>
    <ClInclude Include="..\..\..\src\freetype\include\freetype\ftbbox.h">
      <Filter>头文件</Filter>
    </ClInclude>
    <ClInclude Include="..\..\..\src\freetype\include\freetype\ftbdf.h">
      <Filter>头文件</Filter>
    </ClInclude>
    <ClInclude Include="..\..\..\src\freetype\include\freetype\ftbitmap.h">
      <Filter>头文件</Filter>
    </ClInclude>
    <ClInclude Include="..\..\..\src\freetype\include\freetype\ftbzip2.h">
      <Filter>头文件</Filter>
    </ClInclude>
    <ClInclude Include="..\..\..\src\freetype\include\freetype\ftcache.h">
      <Filter>头文件</Filter>
    </ClInclude>
    <ClInclude Include="..\..\..\src\freetype\include\freetype\freetype.h">
      <Filter>头文件</Filter>
    </ClInclude>
    <ClInclude Include="..\..\..\src\freetype\include\freetype\internal\ftcalc.h">
      <Filter>头文件</Filter>
    </ClInclude>
    <ClInclude Include="..\..\..\src\freetype\include\freetype\ftchapters.h">
      <Filter>头文件</Filter>
    </ClInclude>
    <ClInclude Include="..\..\..\src\freetype\include\freetype\ftcid.h">
      <Filter>头文件</Filter>
    </ClInclude>
    <ClInclude Include="..\..\..\src\freetype\include\freetype\ftcolor.h">
      <Filter>头文件</Filter>
    </ClInclude>
    <ClInclude Include="..\..\..\src\freetype\include\freetype\internal\ftdebug.h">
      <Filter>头文件</Filter>
    </ClInclude>
    <ClInclude Include="..\..\..\src\freetype\include\freetype\config\ftconfig.h">
      <Filter>头文件</Filter>
    </ClInclude>
    <ClInclude Include="..\..\..\src\freetype\include\freetype\ftgasp.h">
      <Filter>头文件</Filter>
    </ClInclude>
    <ClInclude Include="..\..\..\src\freetype\include\freetype\ftdriver.h">
      <Filter>头文件</Filter>
    </ClInclude>
    <ClInclude Include="..\..\..\src\freetype\include\freetype\fterrdef.h">
      <Filter>头文件</Filter>
    </ClInclude>
    <ClInclude Include="..\..\..\src\freetype\include\freetype\fterrors.h">
      <Filter>头文件</Filter>
    </ClInclude>
    <ClInclude Include="..\..\..\src\freetype\include\freetype\ftfntfmt.h">
      <Filter>头文件</Filter>
    </ClInclude>
    <ClInclude Include="..\..\..\src\freetype\include\freetype\internal\ftdrv.h">
      <Filter>头文件</Filter>
    </ClInclude>
    <ClInclude Include="..\..\..\src\freetype\include\freetype\ftlzw.h">
      <Filter>头文件</Filter>
    </ClInclude>
    <ClInclude Include="..\..\..\src\freetype\include\freetype\ftmac.h">
      <Filter>头文件</Filter>
    </ClInclude>
    <ClInclude Include="..\..\..\src\freetype\include\freetype\ftmm.h">
      <Filter>头文件</Filter>
    </ClInclude>
    <ClInclude Include="..\..\..\src\freetype\include\freetype\ftmodapi.h">
      <Filter>头文件</Filter>
    </ClInclude>
    <ClInclude Include="..\..\..\src\freetype\include\freetype\ftmoderr.h">
      <Filter>头文件</Filter>
    </ClInclude>
    <ClInclude Include="..\..\..\src\freetype\include\freetype\ftotval.h">
      <Filter>头文件</Filter>
    </ClInclude>
    <ClInclude Include="..\..\..\src\freetype\include\freetype\ftoutln.h">
      <Filter>头文件</Filter>
    </ClInclude>
    <ClInclude Include="..\..\..\src\freetype\include\freetype\ftparams.h">
      <Filter>头文件</Filter>
    </ClInclude>
    <ClInclude Include="..\..\..\src\freetype\include\freetype\ftpfr.h">
      <Filter>头文件</Filter>
    </ClInclude>
    <ClInclude Include="..\..\..\src\freetype\include\freetype\ftrender.h">
      <Filter>头文件</Filter>
    </ClInclude>
    <ClInclude Include="..\..\..\src\freetype\include\freetype\ftsizes.h">
      <Filter>头文件</Filter>
    </ClInclude>
    <ClInclude Include="..\..\..\src\freetype\include\freetype\ftsnames.h">
      <Filter>头文件</Filter>
    </ClInclude>
    <ClInclude Include="..\..\..\src\freetype\include\freetype\ftstroke.h">
      <Filter>头文件</Filter>
    </ClInclude>
    <ClInclude Include="..\..\..\src\freetype\include\freetype\ftsynth.h">
      <Filter>头文件</Filter>
    </ClInclude>
    <ClInclude Include="..\..\..\src\freetype\include\freetype\ftsystem.h">
      <Filter>头文件</Filter>
    </ClInclude>
    <ClInclude Include="..\..\..\src\freetype\include\freetype\fttrigon.h">
      <Filter>头文件</Filter>
    </ClInclude>
    <ClInclude Include="..\..\..\src\freetype\include\freetype\fttypes.h">
      <Filter>头文件</Filter>
    </ClInclude>
    <ClInclude Include="..\..\..\src\freetype\include\freetype\ftwinfnt.h">
      <Filter>头文件</Filter>
    </ClInclude>
    <ClInclude Include="..\..\..\src\freetype\include\freetype\t1tables.h">
      <Filter>头文件</Filter>
    </ClInclude>
    <ClInclude Include="..\..\..\src\freetype\include\freetype\ttnameid.h">
      <Filter>头文件</Filter>
    </ClInclude>
    <ClInclude Include="..\..\..\src\freetype\include\freetype\tttables.h">
      <Filter>头文件</Filter>
    </ClInclude>
    <ClInclude Include="..\..\..\src\freetype\include\freetype\tttags.h">
      <Filter>头文件</Filter>
    </ClInclude>
    <ClInclude Include="..\..\..\src\freetype\include\freetype\ftglyph.h">
      <Filter>头文件</Filter>
    </ClInclude>
    <ClInclude Include="..\..\..\src\freetype\include\freetype\ftgxval.h">
      <Filter>头文件</Filter>
    </ClInclude>
    <ClInclude Include="..\..\..\src\freetype\include\freetype\ftgzip.h">
      <Filter>头文件</Filter>
    </ClInclude>
    <ClInclude Include="..\..\..\src\freetype\include\freetype\ftimage.h">
      <Filter>头文件</Filter>
    </ClInclude>
    <ClInclude Include="..\..\..\src\freetype\include\freetype\ftincrem.h">
      <Filter>头文件</Filter>
    </ClInclude>
    <ClInclude Include="..\..\..\src\freetype\include\freetype\ftlcdfil.h">
      <Filter>头文件</Filter>
    </ClInclude>
    <ClInclude Include="..\..\..\src\freetype\include\freetype\ftlist.h">
      <Filter>头文件</Filter>
    </ClInclude>
  </ItemGroup>
  <ItemGroup>
    <ClCompile Include="..\..\..\src\freetype\src\autofit\autofit.c">
      <Filter>源文件</Filter>
    </ClCompile>
    <ClCompile Include="..\..\..\src\freetype\src\bdf\bdf.c">
      <Filter>源文件</Filter>
    </ClCompile>
    <ClCompile Include="..\..\..\src\freetype\src\cff\cff.c">
      <Filter>源文件</Filter>
    </ClCompile>
    <ClCompile Include="..\..\..\src\freetype\src\base\ftbase.c">
      <Filter>源文件</Filter>
    </ClCompile>
    <ClCompile Include="..\..\..\src\freetype\src\base\ftbdf.c">
      <Filter>源文件</Filter>
    </ClCompile>
    <ClCompile Include="..\..\..\src\freetype\src\base\ftbitmap.c">
      <Filter>源文件</Filter>
    </ClCompile>
    <ClCompile Include="..\..\..\src\freetype\src\bzip2\ftbzip2.c">
      <Filter>源文件</Filter>
    </ClCompile>
    <ClCompile Include="..\..\..\src\freetype\src\cache\ftcache.c">
      <Filter>源文件</Filter>
    </ClCompile>
    <ClCompile Include="..\..\..\src\freetype\src\base\ftcid.c">
      <Filter>源文件</Filter>
    </ClCompile>
    <ClCompile Include="..\..\..\src\freetype\src\base\ftdebug.c">
      <Filter>源文件</Filter>
    </ClCompile>
    <ClCompile Include="..\..\..\src\freetype\src\base\ftfstype.c">
      <Filter>源文件</Filter>
    </ClCompile>
    <ClCompile Include="..\..\..\src\freetype\src\base\ftglyph.c">
      <Filter>源文件</Filter>
    </ClCompile>
    <ClCompile Include="..\..\..\src\freetype\src\base\ftgxval.c">
      <Filter>源文件</Filter>
    </ClCompile>
    <ClCompile Include="..\..\..\src\freetype\src\base\ftgasp.c">
      <Filter>源文件</Filter>
    </ClCompile>
    <ClCompile Include="..\..\..\src\freetype\src\gzip\ftgzip.c">
      <Filter>源文件</Filter>
    </ClCompile>
    <ClCompile Include="..\..\..\src\freetype\src\base\ftinit.c">
      <Filter>源文件</Filter>
    </ClCompile>
    <ClCompile Include="..\..\..\src\freetype\src\lzw\ftlzw.c">
      <Filter>源文件</Filter>
    </ClCompile>
    <ClCompile Include="..\..\..\src\freetype\src\base\ftmm.c">
      <Filter>源文件</Filter>
    </ClCompile>
    <ClCompile Include="..\..\..\src\freetype\src\base\ftotval.c">
      <Filter>源文件</Filter>
    </ClCompile>
    <ClCompile Include="..\..\..\src\freetype\src\base\ftpatent.c">
      <Filter>源文件</Filter>
    </ClCompile>
    <ClCompile Include="..\..\..\src\freetype\src\base\ftpfr.c">
      <Filter>源文件</Filter>
    </ClCompile>
    <ClCompile Include="..\..\..\src\freetype\src\base\ftstroke.c">
      <Filter>源文件</Filter>
    </ClCompile>
    <ClCompile Include="..\..\..\src\freetype\src\base\ftsynth.c">
      <Filter>源文件</Filter>
    </ClCompile>
    <ClCompile Include="..\..\..\src\freetype\src\base\ftsystem.c">
      <Filter>源文件</Filter>
    </ClCompile>
    <ClCompile Include="..\..\..\src\freetype\src\base\fttype1.c">
      <Filter>源文件</Filter>
    </ClCompile>
    <ClCompile Include="..\..\..\src\freetype\src\base\ftwinfnt.c">
      <Filter>源文件</Filter>
    </ClCompile>
    <ClCompile Include="..\..\..\src\freetype\src\pcf\pcf.c">
      <Filter>源文件</Filter>
    </ClCompile>
    <ClCompile Include="..\..\..\src\freetype\src\pfr\pfr.c">
      <Filter>源文件</Filter>
    </ClCompile>
    <ClCompile Include="..\..\..\src\freetype\src\psaux\psaux.c">
      <Filter>源文件</Filter>
    </ClCompile>
    <ClCompile Include="..\..\..\src\freetype\src\pshinter\pshinter.c">
      <Filter>源文件</Filter>
    </ClCompile>
    <ClCompile Include="..\..\..\src\freetype\src\psnames\psnames.c">
      <Filter>源文件</Filter>
    </ClCompile>
    <ClCompile Include="..\..\..\src\freetype\src\raster\raster.c">
      <Filter>源文件</Filter>
    </ClCompile>
    <ClCompile Include="..\..\..\src\freetype\src\sfnt\sfnt.c">
      <Filter>源文件</Filter>
    </ClCompile>
    <ClCompile Include="..\..\..\src\freetype\src\smooth\smooth.c">
      <Filter>源文件</Filter>
    </ClCompile>
    <ClCompile Include="..\..\..\src\freetype\src\truetype\truetype.c">
      <Filter>源文件</Filter>
    </ClCompile>
    <ClCompile Include="..\..\..\src\freetype\src\type1\type1.c">
      <Filter>源文件</Filter>
    </ClCompile>
    <ClCompile Include="..\..\..\src\freetype\src\cid\type1cid.c">
      <Filter>源文件</Filter>
    </ClCompile>
    <ClCompile Include="..\..\..\src\freetype\src\type42\type42.c">
      <Filter>源文件</Filter>
    </ClCompile>
    <ClCompile Include="..\..\..\src\freetype\src\winfonts\winfnt.c">
      <Filter>源文件</Filter>
    </ClCompile>
  </ItemGroup>
</Project>