<?xml version="1.0" encoding="utf-8"?>
<Project ToolsVersion="4.0" xmlns="http://schemas.microsoft.com/developer/msbuild/2003">
  <ItemGroup>
    <Filter Include="strings">
      <UniqueIdentifier>{920c9e64-db18-4aab-96c6-bbeec8f7b762}</UniqueIdentifier>
    </Filter>
    <Filter Include="third_party">
      <UniqueIdentifier>{15b4f17e-ea8d-4f5b-af79-d9d57319a863}</UniqueIdentifier>
    </Filter>
    <Filter Include="third_party\icu">
      <UniqueIdentifier>{c3a35596-64b6-4ae2-be9d-fd39bc5bdfce}</UniqueIdentifier>
    </Filter>
    <Filter Include="memory">
      <UniqueIdentifier>{3fd2b45c-3702-4a90-ab22-5131bdc31ec4}</UniqueIdentifier>
    </Filter>
    <Filter Include="threading">
      <UniqueIdentifier>{9179a294-8c88-417c-9b5a-491834301a17}</UniqueIdentifier>
    </Filter>
    <Filter Include="win">
      <UniqueIdentifier>{79abe31b-cbfb-4bc9-995d-462d5ef51e0a}</UniqueIdentifier>
    </Filter>
    <Filter Include="time">
      <UniqueIdentifier>{3699a593-67b9-4d48-90bf-fe2bb4f171c3}</UniqueIdentifier>
    </Filter>
    <Filter Include="third_party\nspr">
      <UniqueIdentifier>{7824e8ec-9d6b-408d-9ff6-09eab904e2bf}</UniqueIdentifier>
    </Filter>
    <Filter Include="numerics">
      <UniqueIdentifier>{1b0a7338-7468-4531-bd0d-d7488ffaccd5}</UniqueIdentifier>
    </Filter>
    <Filter Include="synchoronization">
      <UniqueIdentifier>{9a8942c1-df90-4918-acd4-9bfee3aa1e4e}</UniqueIdentifier>
    </Filter>
    <Filter Include="debug">
      <UniqueIdentifier>{c39ef422-162f-46d0-ac1f-eab2e67bdb81}</UniqueIdentifier>
    </Filter>
    <Filter Include="files">
      <UniqueIdentifier>{5d83d823-e358-4e78-bfc5-9749559bdb30}</UniqueIdentifier>
    </Filter>
    <Filter Include="containers">
      <UniqueIdentifier>{b8e6d0ab-cbfc-4999-8bea-44b2b24da219}</UniqueIdentifier>
    </Filter>
    <Filter Include="posix">
      <UniqueIdentifier>{c95139ea-c61b-4118-9b1e-6c0abbe63f98}</UniqueIdentifier>
    </Filter>
    <Filter Include="test">
      <UniqueIdentifier>{ff886e31-98e1-4482-ae15-6cf22dcae02a}</UniqueIdentifier>
    </Filter>
    <Filter Include="process">
      <UniqueIdentifier>{5edd4a6a-abba-485b-a97c-13642597ab15}</UniqueIdentifier>
    </Filter>
    <Filter Include="metrics">
      <UniqueIdentifier>{6da481f4-504e-4807-93e6-56abada23bf8}</UniqueIdentifier>
    </Filter>
    <Filter Include="json">
      <UniqueIdentifier>{fe390e8d-4cee-4cfb-85c8-90e7780b7f05}</UniqueIdentifier>
    </Filter>
    <Filter Include="trace_event">
      <UniqueIdentifier>{cdd800ee-dbc6-4878-9fd5-1d069b3ca1ed}</UniqueIdentifier>
    </Filter>
    <Filter Include="third_party\dmg_fp">
      <UniqueIdentifier>{f611080a-f314-4484-8622-7b86c199fe94}</UniqueIdentifier>
    </Filter>
  </ItemGroup>
  <ItemGroup>
    <ClInclude Include="..\..\src\extern\GOOGLE_BASE\base\strings\stringprintf.h">
      <Filter>strings</Filter>
    </ClInclude>
    <ClInclude Include="..\..\src\extern\GOOGLE_BASE\base\scoped_clear_last_error.h" />
    <ClInclude Include="..\..\src\extern\GOOGLE_BASE\base\strings\string_util_win.h">
      <Filter>strings</Filter>
    </ClInclude>
    <ClInclude Include="..\..\src\extern\GOOGLE_BASE\base\strings\utf_string_conversions.h">
      <Filter>strings</Filter>
    </ClInclude>
    <ClInclude Include="..\..\src\extern\GOOGLE_BASE\base\strings\string16.h">
      <Filter>strings</Filter>
    </ClInclude>
    <ClInclude Include="..\..\src\extern\GOOGLE_BASE\base\strings\string_piece.h">
      <Filter>strings</Filter>
    </ClInclude>
    <ClInclude Include="..\..\src\extern\GOOGLE_BASE\base\strings\string_util.h">
      <Filter>strings</Filter>
    </ClInclude>
    <ClInclude Include="..\..\src\extern\GOOGLE_BASE\base\strings\char_traits.h">
      <Filter>strings</Filter>
    </ClInclude>
    <ClInclude Include="..\..\src\extern\GOOGLE_BASE\base\third_party\icu\icu_utf.h">
      <Filter>third_party\icu</Filter>
    </ClInclude>
    <ClInclude Include="..\..\src\extern\GOOGLE_BASE\base\strings\utf_string_conversion_utils.h">
      <Filter>strings</Filter>
    </ClInclude>
    <ClInclude Include="..\..\src\extern\GOOGLE_BASE\base\logging.h" />
    <ClInclude Include="..\..\src\extern\GOOGLE_BASE\base\stl_util.h" />
    <ClInclude Include="..\..\src\extern\GOOGLE_BASE\base\base_switches.h" />
    <ClInclude Include="..\..\src\extern\GOOGLE_BASE\base\callback_forward.h" />
    <ClInclude Include="..\..\src\extern\GOOGLE_BASE\base\callback_internal.h" />
    <ClInclude Include="..\..\src\extern\GOOGLE_BASE\base\atomic_ref_count.h" />
    <ClInclude Include="..\..\src\extern\GOOGLE_BASE\base\memory\ref_counted.h">
      <Filter>memory</Filter>
    </ClInclude>
    <ClInclude Include="..\..\src\extern\GOOGLE_BASE\base\memory\scoped_refptr.h">
      <Filter>memory</Filter>
    </ClInclude>
    <ClInclude Include="..\..\src\extern\GOOGLE_BASE\base\sequence_checker.h" />
    <ClInclude Include="..\..\src\extern\GOOGLE_BASE\base\sequence_checker_impl.h" />
    <ClInclude Include="..\..\src\extern\GOOGLE_BASE\base\threading\thread_collision_warner.h">
      <Filter>threading</Filter>
    </ClInclude>
    <ClInclude Include="..\..\src\extern\GOOGLE_BASE\base\atomicops.h" />
    <ClInclude Include="..\..\src\extern\GOOGLE_BASE\base\atomicops_internals_x86_msvc.h" />
    <ClInclude Include="..\..\src\extern\GOOGLE_BASE\base\threading\platform_thread.h">
      <Filter>threading</Filter>
    </ClInclude>
    <ClInclude Include="..\..\src\extern\GOOGLE_BASE\base\win\windows_types.h">
      <Filter>win</Filter>
    </ClInclude>
    <ClInclude Include="..\..\src\extern\GOOGLE_BASE\base\time\time.h">
      <Filter>time</Filter>
    </ClInclude>
    <ClInclude Include="..\..\src\extern\GOOGLE_BASE\base\time\time_override.h">
      <Filter>time</Filter>
    </ClInclude>
    <ClInclude Include="..\..\src\extern\GOOGLE_BASE\base\third_party\nspr\prtime.h">
      <Filter>third_party\nspr</Filter>
    </ClInclude>
    <ClInclude Include="..\..\src\extern\GOOGLE_BASE\base\numerics\safe_conversions.h">
      <Filter>numerics</Filter>
    </ClInclude>
    <ClInclude Include="..\..\src\extern\GOOGLE_BASE\base\numerics\safe_math.h">
      <Filter>numerics</Filter>
    </ClInclude>
    <ClInclude Include="..\..\src\extern\GOOGLE_BASE\base\numerics\clamped_math.h">
      <Filter>numerics</Filter>
    </ClInclude>
    <ClInclude Include="..\..\src\extern\GOOGLE_BASE\base\numerics\checked_math.h">
      <Filter>numerics</Filter>
    </ClInclude>
    <ClInclude Include="..\..\src\extern\GOOGLE_BASE\base\numerics\checked_math_impl.h">
      <Filter>numerics</Filter>
    </ClInclude>
    <ClInclude Include="..\..\src\extern\GOOGLE_BASE\base\numerics\clamped_math_impl.h">
      <Filter>numerics</Filter>
    </ClInclude>
    <ClInclude Include="..\..\src\extern\GOOGLE_BASE\base\numerics\safe_conversions_impl.h">
      <Filter>numerics</Filter>
    </ClInclude>
    <ClInclude Include="..\..\src\extern\GOOGLE_BASE\base\gtest_prod_util.h" />
    <ClInclude Include="..\..\src\extern\GOOGLE_BASE\base\synchronization\lock.h">
      <Filter>synchoronization</Filter>
    </ClInclude>
    <ClInclude Include="..\..\src\extern\GOOGLE_BASE\base\thread_annotations.h" />
    <ClInclude Include="..\..\src\extern\GOOGLE_BASE\base\synchronization\lock_impl.h">
      <Filter>synchoronization</Filter>
    </ClInclude>
    <ClInclude Include="..\..\src\extern\GOOGLE_BASE\base\debug\activity_tracker.h">
      <Filter>debug</Filter>
    </ClInclude>
    <ClInclude Include="..\..\src\extern\GOOGLE_BASE\base\debug\debugging_buildflags.h">
      <Filter>debug</Filter>
    </ClInclude>
    <ClInclude Include="..\..\src\extern\GOOGLE_BASE\base\hash.h" />
    <ClInclude Include="..\..\src\extern\GOOGLE_BASE\base\command_line.h" />
    <ClInclude Include="..\..\src\extern\GOOGLE_BASE\base\files\file_path.h">
      <Filter>files</Filter>
    </ClInclude>
    <ClInclude Include="..\..\src\extern\GOOGLE_BASE\base\strings\sys_string_conversions.h">
      <Filter>strings</Filter>
    </ClInclude>
    <ClInclude Include="..\..\src\extern\GOOGLE_BASE\base\base_export.h" />
    <ClInclude Include="..\..\src\extern\GOOGLE_BASE\base\pickle.h" />
    <ClInclude Include="..\..\src\extern\GOOGLE_BASE\base\bits.h" />
    <ClInclude Include="..\..\src\extern\GOOGLE_BASE\base\strings\string_tokenizer.h">
      <Filter>strings</Filter>
    </ClInclude>
    <ClInclude Include="..\..\src\extern\GOOGLE_BASE\base\strings\string_split.h">
      <Filter>strings</Filter>
    </ClInclude>
    <ClInclude Include="..\..\src\extern\GOOGLE_BASE\base\vlog.h" />
    <ClInclude Include="..\..\src\extern\GOOGLE_BASE\base\strings\string_number_conversions.h">
      <Filter>strings</Filter>
    </ClInclude>
    <ClInclude Include="..\..\src\extern\GOOGLE_BASE\base\containers\circular_deque.h">
      <Filter>containers</Filter>
    </ClInclude>
    <ClInclude Include="..\..\src\extern\GOOGLE_BASE\base\containers\stack.h">
      <Filter>containers</Filter>
    </ClInclude>
    <ClInclude Include="..\..\src\extern\GOOGLE_BASE\base\containers\vector_buffer.h">
      <Filter>containers</Filter>
    </ClInclude>
    <ClInclude Include="..\..\src\extern\GOOGLE_BASE\base\posix\eintr_wrapper.h">
      <Filter>posix</Filter>
    </ClInclude>
    <ClInclude Include="..\..\src\extern\GOOGLE_BASE\base\debug\alias.h">
      <Filter>debug</Filter>
    </ClInclude>
    <ClInclude Include="..\..\src\extern\GOOGLE_BASE\base\debug\debugger.h">
      <Filter>debug</Filter>
    </ClInclude>
    <ClInclude Include="..\..\src\extern\GOOGLE_BASE\base\test\clang_coverage.h">
      <Filter>test</Filter>
    </ClInclude>
    <ClInclude Include="..\..\src\extern\GOOGLE_BASE\base\debug\stack_trace.h">
      <Filter>debug</Filter>
    </ClInclude>
    <ClInclude Include="..\..\src\extern\GOOGLE_BASE\base\location.h" />
    <ClInclude Include="..\..\src\extern\GOOGLE_BASE\base\memory\shared_memory.h">
      <Filter>memory</Filter>
    </ClInclude>
    <ClInclude Include="..\..\src\extern\GOOGLE_BASE\base\memory\shared_memory_handle.h">
      <Filter>memory</Filter>
    </ClInclude>
    <ClInclude Include="..\..\src\extern\GOOGLE_BASE\base\unguessable_token.h" />
    <ClInclude Include="..\..\src\extern\GOOGLE_BASE\base\format_macros.h" />
    <ClInclude Include="..\..\src\extern\GOOGLE_BASE\base\rand_util.h" />
    <ClInclude Include="..\..\src\extern\GOOGLE_BASE\base\process\process_handle.h">
      <Filter>process</Filter>
    </ClInclude>
    <ClInclude Include="..\..\src\extern\GOOGLE_BASE\base\threading\thread_local_storage.h">
      <Filter>threading</Filter>
    </ClInclude>
    <ClInclude Include="..\..\src\extern\GOOGLE_BASE\base\task_runner.h" />
    <ClInclude Include="..\..\src\extern\GOOGLE_BASE\base\threading\post_task_and_reply_impl.h">
      <Filter>threading</Filter>
    </ClInclude>
    <ClInclude Include="..\..\src\extern\GOOGLE_BASE\base\bind.h" />
    <ClInclude Include="..\..\src\extern\GOOGLE_BASE\base\debug\leak_annotations.h">
      <Filter>debug</Filter>
    </ClInclude>
    <ClInclude Include="..\..\src\extern\GOOGLE_BASE\base\sequenced_task_runner.h" />
    <ClInclude Include="..\..\src\extern\GOOGLE_BASE\base\sequenced_task_runner_helpers.h" />
    <ClInclude Include="..\..\src\extern\GOOGLE_BASE\base\threading\sequenced_task_runner_handle.h">
      <Filter>threading</Filter>
    </ClInclude>
    <ClInclude Include="..\..\src\extern\GOOGLE_BASE\base\threading\thread_task_runner_handle.h">
      <Filter>threading</Filter>
    </ClInclude>
    <ClInclude Include="..\..\src\extern\GOOGLE_BASE\base\memory\ptr_util.h">
      <Filter>memory</Filter>
    </ClInclude>
    <ClInclude Include="..\..\src\extern\GOOGLE_BASE\base\callback_helpers.h" />
    <ClInclude Include="..\..\src\extern\GOOGLE_BASE\base\single_thread_task_runner.h" />
    <ClInclude Include="..\..\src\extern\GOOGLE_BASE\base\threading\thread_local.h">
      <Filter>threading</Filter>
    </ClInclude>
    <ClInclude Include="..\..\src\extern\GOOGLE_BASE\base\metrics\persistent_memory_allocator.h">
      <Filter>metrics</Filter>
    </ClInclude>
    <ClInclude Include="..\..\src\extern\GOOGLE_BASE\base\files\memory_mapped_file.h">
      <Filter>files</Filter>
    </ClInclude>
    <ClInclude Include="..\..\src\extern\GOOGLE_BASE\base\files\file.h">
      <Filter>files</Filter>
    </ClInclude>
    <ClInclude Include="..\..\src\extern\GOOGLE_BASE\base\files\file_tracing.h">
      <Filter>files</Filter>
    </ClInclude>
    <ClInclude Include="..\..\src\extern\GOOGLE_BASE\base\files\platform_file.h">
      <Filter>files</Filter>
    </ClInclude>
    <ClInclude Include="..\..\src\extern\GOOGLE_BASE\base\files\scoped_file.h">
      <Filter>files</Filter>
    </ClInclude>
    <ClInclude Include="..\..\src\extern\GOOGLE_BASE\base\scoped_generic.h" />
    <ClInclude Include="..\..\src\extern\GOOGLE_BASE\base\win\scoped_handle.h">
      <Filter>win</Filter>
    </ClInclude>
    <ClInclude Include="..\..\src\extern\GOOGLE_BASE\base\win\scoped_handle_verifier.h">
      <Filter>win</Filter>
    </ClInclude>
    <ClInclude Include="..\..\src\extern\GOOGLE_BASE\base\win\current_module.h">
      <Filter>win</Filter>
    </ClInclude>
    <ClInclude Include="..\..\src\extern\GOOGLE_BASE\base\lazy_instance.h" />
    <ClInclude Include="..\..\src\extern\GOOGLE_BASE\base\lazy_instance_helpers.h" />
    <ClInclude Include="..\..\src\extern\GOOGLE_BASE\base\at_exit.h" />
    <ClInclude Include="..\..\src\extern\GOOGLE_BASE\base\threading\thread_restrictions.h">
      <Filter>threading</Filter>
    </ClInclude>
    <ClInclude Include="..\..\src\extern\GOOGLE_BASE\base\cpu.h" />
    <ClInclude Include="..\..\src\extern\GOOGLE_BASE\base\bit_cast.h" />
    <ClInclude Include="..\..\src\extern\GOOGLE_BASE\base\threading\platform_thread_win.h">
      <Filter>threading</Filter>
    </ClInclude>
    <ClInclude Include="..\..\src\extern\GOOGLE_BASE\base\debug\profiler.h">
      <Filter>debug</Filter>
    </ClInclude>
    <ClInclude Include="..\..\src\extern\GOOGLE_BASE\base\memory\weak_ptr.h">
      <Filter>memory</Filter>
    </ClInclude>
    <ClInclude Include="..\..\src\extern\GOOGLE_BASE\base\synchronization\atomic_flag.h">
      <Filter>synchoronization</Filter>
    </ClInclude>
    <ClInclude Include="..\..\src\extern\GOOGLE_BASE\base\token.h" />
    <ClInclude Include="..\..\src\extern\GOOGLE_BASE\base\metrics\histogram.h">
      <Filter>metrics</Filter>
    </ClInclude>
    <ClInclude Include="..\..\src\extern\GOOGLE_BASE\base\metrics\histogram_base.h">
      <Filter>metrics</Filter>
    </ClInclude>
    <ClInclude Include="..\..\src\extern\GOOGLE_BASE\base\files\file_enumerator.h">
      <Filter>files</Filter>
    </ClInclude>
    <ClInclude Include="..\..\src\extern\GOOGLE_BASE\base\metrics\histogram_samples.h">
      <Filter>metrics</Filter>
    </ClInclude>
    <ClInclude Include="..\..\src\extern\GOOGLE_BASE\base\metrics\field_trial.h">
      <Filter>metrics</Filter>
    </ClInclude>
    <ClInclude Include="..\..\src\extern\GOOGLE_BASE\base\run_loop.h" />
    <ClInclude Include="..\..\src\extern\GOOGLE_BASE\base\threading\scoped_blocking_call.h">
      <Filter>threading</Filter>
    </ClInclude>
    <ClInclude Include="..\..\src\extern\GOOGLE_BASE\base\sequence_token.h" />
    <ClInclude Include="..\..\src\extern\GOOGLE_BASE\base\threading\thread_id_name_manager.h">
      <Filter>threading</Filter>
    </ClInclude>
    <ClInclude Include="..\..\src\extern\GOOGLE_BASE\base\threading\thread_checker_impl.h">
      <Filter>threading</Filter>
    </ClInclude>
    <ClInclude Include="..\..\src\extern\GOOGLE_BASE\base\threading\thread_checker.h">
      <Filter>threading</Filter>
    </ClInclude>
    <ClInclude Include="..\..\src\extern\GOOGLE_BASE\base\json\json_string_value_serializer.h">
      <Filter>json</Filter>
    </ClInclude>
    <ClInclude Include="..\..\src\extern\GOOGLE_BASE\base\json\json_writer.h">
      <Filter>json</Filter>
    </ClInclude>
    <ClInclude Include="..\..\src\extern\GOOGLE_BASE\base\json\json_reader.h">
      <Filter>json</Filter>
    </ClInclude>
    <ClInclude Include="..\..\src\extern\GOOGLE_BASE\base\json\json_parser.h">
      <Filter>json</Filter>
    </ClInclude>
    <ClInclude Include="..\..\src\extern\GOOGLE_BASE\base\json\string_escape.h">
      <Filter>json</Filter>
    </ClInclude>
    <ClInclude Include="..\..\src\extern\GOOGLE_BASE\base\trace_event\heap_profiler_allocation_context_tracker.h">
      <Filter>trace_event</Filter>
    </ClInclude>
    <ClInclude Include="..\..\src\extern\GOOGLE_BASE\base\trace_event\heap_profiler_allocation_context.h">
      <Filter>trace_event</Filter>
    </ClInclude>
    <ClInclude Include="..\..\src\extern\GOOGLE_BASE\base\pending_task.h" />
    <ClInclude Include="..\..\src\extern\GOOGLE_BASE\base\metrics\field_trial_param_associator.h">
      <Filter>metrics</Filter>
    </ClInclude>
    <ClInclude Include="..\..\src\extern\GOOGLE_BASE\base\metrics\field_trial_params.h">
      <Filter>metrics</Filter>
    </ClInclude>
    <ClInclude Include="..\..\src\extern\GOOGLE_BASE\base\memory\singleton.h">
      <Filter>memory</Filter>
    </ClInclude>
    <ClInclude Include="..\..\src\extern\GOOGLE_BASE\base\feature_list.h" />
    <ClInclude Include="..\..\src\extern\GOOGLE_BASE\base\process\launch.h">
      <Filter>process</Filter>
    </ClInclude>
    <ClInclude Include="..\..\src\extern\GOOGLE_BASE\base\third_party\dmg_fp\dmg_fp.h">
      <Filter>third_party\dmg_fp</Filter>
    </ClInclude>
    <ClInclude Include="..\..\src\extern\GOOGLE_BASE\base\memory\shared_memory_mapping.h">
      <Filter>memory</Filter>
    </ClInclude>
    <ClInclude Include="..\..\src\extern\GOOGLE_BASE\base\memory\shared_memory_tracker.h">
      <Filter>memory</Filter>
    </ClInclude>
    <ClInclude Include="..\..\src\extern\GOOGLE_BASE\base\trace_event\memory_dump_provider.h">
      <Filter>trace_event</Filter>
    </ClInclude>
    <ClInclude Include="..\..\src\extern\GOOGLE_BASE\base\trace_event\memory_dump_provider_info.h">
      <Filter>trace_event</Filter>
    </ClInclude>
    <ClInclude Include="..\..\src\extern\GOOGLE_BASE\base\trace_event\memory_dump_request_args.h">
      <Filter>trace_event</Filter>
    </ClInclude>
    <ClInclude Include="..\..\src\extern\GOOGLE_BASE\base\process\process.h">
      <Filter>process</Filter>
    </ClInclude>
    <ClInclude Include="..\..\src\extern\GOOGLE_BASE\base\process\process_iterator.h">
      <Filter>process</Filter>
    </ClInclude>
    <ClInclude Include="..\..\src\extern\GOOGLE_BASE\base\process\kill.h">
      <Filter>process</Filter>
    </ClInclude>
    <ClInclude Include="..\..\src\extern\GOOGLE_BASE\base\win\scoped_process_information.h">
      <Filter>win</Filter>
    </ClInclude>
    <ClInclude Include="..\..\src\extern\GOOGLE_BASE\base\win\startup_information.h">
      <Filter>win</Filter>
    </ClInclude>
    <ClInclude Include="..\..\src\extern\GOOGLE_BASE\base\version.h" />
    <ClInclude Include="..\..\src\extern\GOOGLE_BASE\base\win\windows_version.h">
      <Filter>win</Filter>
    </ClInclude>
  </ItemGroup>
  <ItemGroup>
    <ClCompile Include="..\..\src\extern\GOOGLE_BASE\base\strings\stringprintf.cc">
      <Filter>strings</Filter>
    </ClCompile>
    <ClCompile Include="..\..\src\extern\GOOGLE_BASE\base\scoped_clear_last_error_win.cc" />
    <ClCompile Include="..\..\src\extern\GOOGLE_BASE\base\strings\utf_string_conversions.cc">
      <Filter>strings</Filter>
    </ClCompile>
    <ClCompile Include="..\..\src\extern\GOOGLE_BASE\base\strings\string_util.cc">
      <Filter>strings</Filter>
    </ClCompile>
    <ClCompile Include="..\..\src\extern\GOOGLE_BASE\base\strings\string_piece.cc">
      <Filter>strings</Filter>
    </ClCompile>
    <ClCompile Include="..\..\src\extern\GOOGLE_BASE\base\third_party\icu\icu_utf.cc">
      <Filter>third_party\icu</Filter>
    </ClCompile>
    <ClCompile Include="..\..\src\extern\GOOGLE_BASE\base\strings\utf_string_conversion_utils.cc">
      <Filter>strings</Filter>
    </ClCompile>
    <ClCompile Include="..\..\src\extern\GOOGLE_BASE\base\strings\string_util_constants.cc">
      <Filter>strings</Filter>
    </ClCompile>
    <ClCompile Include="..\..\src\extern\GOOGLE_BASE\base\logging.cc" />
    <ClCompile Include="..\..\src\extern\GOOGLE_BASE\base\base_switches.cc" />
    <ClCompile Include="..\..\src\extern\GOOGLE_BASE\base\sequence_checker_impl.cc" />
    <ClCompile Include="..\..\src\extern\GOOGLE_BASE\base\threading\thread_collision_warner.cc">
      <Filter>threading</Filter>
    </ClCompile>
    <ClCompile Include="..\..\src\extern\GOOGLE_BASE\base\threading\platform_thread.cc">
      <Filter>threading</Filter>
    </ClCompile>
    <ClCompile Include="..\..\src\extern\GOOGLE_BASE\base\third_party\nspr\prtime.cc">
      <Filter>third_party\nspr</Filter>
    </ClCompile>
    <ClCompile Include="..\..\src\extern\GOOGLE_BASE\base\time\time.cc">
      <Filter>time</Filter>
    </ClCompile>
    <ClCompile Include="..\..\src\extern\GOOGLE_BASE\base\time\time_override.cc">
      <Filter>time</Filter>
    </ClCompile>
    <ClCompile Include="..\..\src\extern\GOOGLE_BASE\base\synchronization\lock.cc">
      <Filter>synchoronization</Filter>
    </ClCompile>
    <ClCompile Include="..\..\src\extern\GOOGLE_BASE\base\synchronization\lock_impl_win.cc">
      <Filter>synchoronization</Filter>
    </ClCompile>
    <ClCompile Include="..\..\src\extern\GOOGLE_BASE\base\debug\activity_tracker.cc">
      <Filter>debug</Filter>
    </ClCompile>
    <ClCompile Include="..\..\src\extern\GOOGLE_BASE\base\hash.cc" />
    <ClCompile Include="..\..\src\extern\GOOGLE_BASE\base\command_line.cc" />
    <ClCompile Include="..\..\src\extern\GOOGLE_BASE\base\files\file_path.cc">
      <Filter>files</Filter>
    </ClCompile>
    <ClCompile Include="..\..\src\extern\GOOGLE_BASE\base\strings\sys_string_conversions_win.cc">
      <Filter>strings</Filter>
    </ClCompile>
    <ClCompile Include="..\..\src\extern\GOOGLE_BASE\base\pickle.cc" />
    <ClCompile Include="..\..\src\extern\GOOGLE_BASE\base\strings\string_tokenizer_fuzzer.cc">
      <Filter>strings</Filter>
    </ClCompile>
    <ClCompile Include="..\..\src\extern\GOOGLE_BASE\base\strings\string_split.cc">
      <Filter>strings</Filter>
    </ClCompile>
    <ClCompile Include="..\..\src\extern\GOOGLE_BASE\base\vlog.cc" />
    <ClCompile Include="..\..\src\extern\GOOGLE_BASE\base\strings\string_number_conversions_fuzzer.cc">
      <Filter>strings</Filter>
    </ClCompile>
    <ClCompile Include="..\..\src\extern\GOOGLE_BASE\base\strings\string_number_conversions.cc">
      <Filter>strings</Filter>
    </ClCompile>
    <ClCompile Include="..\..\src\extern\GOOGLE_BASE\base\debug\alias.cc">
      <Filter>debug</Filter>
    </ClCompile>
    <ClCompile Include="..\..\src\extern\GOOGLE_BASE\base\debug\debugger_win.cc">
      <Filter>debug</Filter>
    </ClCompile>
    <ClCompile Include="..\..\src\extern\GOOGLE_BASE\base\debug\debugger.cc">
      <Filter>debug</Filter>
    </ClCompile>
    <ClCompile Include="..\..\src\extern\GOOGLE_BASE\base\test\clang_coverage.cc">
      <Filter>test</Filter>
    </ClCompile>
    <ClCompile Include="..\..\src\extern\GOOGLE_BASE\base\debug\stack_trace.cc">
      <Filter>debug</Filter>
    </ClCompile>
    <ClCompile Include="..\..\src\extern\GOOGLE_BASE\base\location.cc" />
    <ClCompile Include="..\..\src\extern\GOOGLE_BASE\base\memory\shared_memory_handle.cc">
      <Filter>memory</Filter>
    </ClCompile>
    <ClCompile Include="..\..\src\extern\GOOGLE_BASE\base\unguessable_token.cc" />
    <ClCompile Include="..\..\src\extern\GOOGLE_BASE\base\rand_util.cc" />
    <ClCompile Include="..\..\src\extern\GOOGLE_BASE\base\process\process_handle.cc">
      <Filter>process</Filter>
    </ClCompile>
    <ClCompile Include="..\..\src\extern\GOOGLE_BASE\base\threading\thread_local_storage.cc">
      <Filter>threading</Filter>
    </ClCompile>
    <ClCompile Include="..\..\src\extern\GOOGLE_BASE\base\task_runner.cc" />
    <ClCompile Include="..\..\src\extern\GOOGLE_BASE\base\threading\post_task_and_reply_impl.cc">
      <Filter>threading</Filter>
    </ClCompile>
    <ClCompile Include="..\..\src\extern\GOOGLE_BASE\base\sequenced_task_runner.cc" />
    <ClCompile Include="..\..\src\extern\GOOGLE_BASE\base\threading\sequenced_task_runner_handle.cc">
      <Filter>threading</Filter>
    </ClCompile>
    <ClCompile Include="..\..\src\extern\GOOGLE_BASE\base\threading\thread_task_runner_handle.cc">
      <Filter>threading</Filter>
    </ClCompile>
    <ClCompile Include="..\..\src\extern\GOOGLE_BASE\base\callback_helpers.cc" />
    <ClCompile Include="..\..\src\extern\GOOGLE_BASE\base\metrics\persistent_memory_allocator.cc">
      <Filter>metrics</Filter>
    </ClCompile>
    <ClCompile Include="..\..\src\extern\GOOGLE_BASE\base\files\memory_mapped_file.cc">
      <Filter>files</Filter>
    </ClCompile>
    <ClCompile Include="..\..\src\extern\GOOGLE_BASE\base\files\file.cc">
      <Filter>files</Filter>
    </ClCompile>
    <ClCompile Include="..\..\src\extern\GOOGLE_BASE\base\files\file_tracing.cc">
      <Filter>files</Filter>
    </ClCompile>
    <ClCompile Include="..\..\src\extern\GOOGLE_BASE\base\files\scoped_file.cc">
      <Filter>files</Filter>
    </ClCompile>
    <ClCompile Include="..\..\src\extern\GOOGLE_BASE\base\win\scoped_handle.cc">
      <Filter>win</Filter>
    </ClCompile>
    <ClCompile Include="..\..\src\extern\GOOGLE_BASE\base\win\scoped_handle_verifier.cc">
      <Filter>win</Filter>
    </ClCompile>
    <ClCompile Include="..\..\src\extern\GOOGLE_BASE\base\lazy_instance_helpers.cc" />
    <ClCompile Include="..\..\src\extern\GOOGLE_BASE\base\at_exit.cc" />
    <ClCompile Include="..\..\src\extern\GOOGLE_BASE\base\threading\thread_restrictions.cc">
      <Filter>threading</Filter>
    </ClCompile>
    <ClCompile Include="..\..\src\extern\GOOGLE_BASE\base\time\time_win.cc">
      <Filter>time</Filter>
    </ClCompile>
    <ClCompile Include="..\..\src\extern\GOOGLE_BASE\base\cpu.cc" />
    <ClCompile Include="..\..\src\extern\GOOGLE_BASE\base\threading\platform_thread_win.cc">
      <Filter>threading</Filter>
    </ClCompile>
    <ClCompile Include="..\..\src\extern\GOOGLE_BASE\base\debug\profiler.cc">
      <Filter>debug</Filter>
    </ClCompile>
    <ClCompile Include="..\..\src\extern\GOOGLE_BASE\base\callback_internal.cc" />
    <ClCompile Include="..\..\src\extern\GOOGLE_BASE\base\threading\thread_local_storage_win.cc">
      <Filter>threading</Filter>
    </ClCompile>
    <ClCompile Include="..\..\src\extern\GOOGLE_BASE\base\memory\shared_memory_win.cc">
      <Filter>memory</Filter>
    </ClCompile>
    <ClCompile Include="..\..\src\extern\GOOGLE_BASE\base\memory\ref_counted.cc">
      <Filter>memory</Filter>
    </ClCompile>
    <ClCompile Include="..\..\src\extern\GOOGLE_BASE\base\memory\weak_ptr.cc">
      <Filter>memory</Filter>
    </ClCompile>
    <ClCompile Include="..\..\src\extern\GOOGLE_BASE\base\synchronization\atomic_flag.cc">
      <Filter>synchoronization</Filter>
    </ClCompile>
    <ClCompile Include="..\..\src\extern\GOOGLE_BASE\base\token.cc" />
    <ClCompile Include="..\..\src\extern\GOOGLE_BASE\base\metrics\histogram.cc">
      <Filter>metrics</Filter>
    </ClCompile>
    <ClCompile Include="..\..\src\extern\GOOGLE_BASE\base\metrics\histogram_base.cc">
      <Filter>metrics</Filter>
    </ClCompile>
    <ClCompile Include="..\..\src\extern\GOOGLE_BASE\base\files\file_enumerator.cc">
      <Filter>files</Filter>
    </ClCompile>
    <ClCompile Include="..\..\src\extern\GOOGLE_BASE\base\files\file_enumerator_win.cc">
      <Filter>files</Filter>
    </ClCompile>
    <ClCompile Include="..\..\src\extern\GOOGLE_BASE\base\files\file_path_constants.cc">
      <Filter>files</Filter>
    </ClCompile>
    <ClCompile Include="..\..\src\extern\GOOGLE_BASE\base\files\memory_mapped_file_win.cc">
      <Filter>files</Filter>
    </ClCompile>
    <ClCompile Include="..\..\src\extern\GOOGLE_BASE\base\metrics\histogram_samples.cc">
      <Filter>metrics</Filter>
    </ClCompile>
    <ClCompile Include="..\..\src\extern\GOOGLE_BASE\base\process\process_handle_win.cc">
      <Filter>process</Filter>
    </ClCompile>
    <ClCompile Include="..\..\src\extern\GOOGLE_BASE\base\metrics\field_trial.cc">
      <Filter>metrics</Filter>
    </ClCompile>
    <ClCompile Include="..\..\src\extern\GOOGLE_BASE\base\memory\shared_memory_handle_win.cc">
      <Filter>memory</Filter>
    </ClCompile>
    <ClCompile Include="..\..\src\extern\GOOGLE_BASE\base\debug\stack_trace_win.cc">
      <Filter>debug</Filter>
    </ClCompile>
    <ClCompile Include="..\..\src\extern\GOOGLE_BASE\base\rand_util_win.cc" />
    <ClCompile Include="..\..\src\extern\GOOGLE_BASE\base\run_loop.cc" />
    <ClCompile Include="..\..\src\extern\GOOGLE_BASE\base\threading\scoped_blocking_call.cc">
      <Filter>threading</Filter>
    </ClCompile>
    <ClCompile Include="..\..\src\extern\GOOGLE_BASE\base\sequence_token.cc" />
    <ClCompile Include="..\..\src\extern\GOOGLE_BASE\base\threading\thread_id_name_manager.cc">
      <Filter>threading</Filter>
    </ClCompile>
    <ClCompile Include="..\..\src\extern\GOOGLE_BASE\base\threading\thread_checker_impl.cc">
      <Filter>threading</Filter>
    </ClCompile>
    <ClCompile Include="..\..\src\extern\GOOGLE_BASE\base\json\json_string_value_serializer.cc">
      <Filter>json</Filter>
    </ClCompile>
    <ClCompile Include="..\..\src\extern\GOOGLE_BASE\base\json\json_writer.cc">
      <Filter>json</Filter>
    </ClCompile>
    <ClCompile Include="..\..\src\extern\GOOGLE_BASE\base\json\json_reader.cc">
      <Filter>json</Filter>
    </ClCompile>
    <ClCompile Include="..\..\src\extern\GOOGLE_BASE\base\json\string_escape.cc">
      <Filter>json</Filter>
    </ClCompile>
    <ClCompile Include="..\..\src\extern\GOOGLE_BASE\base\trace_event\heap_profiler_allocation_context_tracker.cc">
      <Filter>trace_event</Filter>
    </ClCompile>
    <ClCompile Include="..\..\src\extern\GOOGLE_BASE\base\trace_event\heap_profiler_allocation_context.cc">
      <Filter>trace_event</Filter>
    </ClCompile>
    <ClCompile Include="..\..\src\extern\GOOGLE_BASE\base\files\file_win.cc">
      <Filter>files</Filter>
    </ClCompile>
    <ClCompile Include="..\..\src\extern\GOOGLE_BASE\base\pending_task.cc" />
    <ClCompile Include="..\..\src\extern\GOOGLE_BASE\base\metrics\field_trial_param_associator.cc">
      <Filter>metrics</Filter>
    </ClCompile>
    <ClCompile Include="..\..\src\extern\GOOGLE_BASE\base\metrics\field_trial_params.cc">
      <Filter>metrics</Filter>
    </ClCompile>
    <ClCompile Include="..\..\src\extern\GOOGLE_BASE\base\feature_list.cc" />
    <ClCompile Include="..\..\src\extern\GOOGLE_BASE\base\process\launch.cc">
      <Filter>process</Filter>
    </ClCompile>
    <ClCompile Include="..\..\src\extern\GOOGLE_BASE\base\process\launch_win.cc">
      <Filter>process</Filter>
    </ClCompile>
    <ClCompile Include="..\..\src\extern\GOOGLE_BASE\base\third_party\dmg_fp\dtoa_wrapper.cc">
      <Filter>third_party\dmg_fp</Filter>
    </ClCompile>
    <ClCompile Include="..\..\src\extern\GOOGLE_BASE\base\third_party\dmg_fp\g_fmt.cc">
      <Filter>third_party\dmg_fp</Filter>
    </ClCompile>
    <ClCompile Include="..\..\src\extern\GOOGLE_BASE\base\memory\shared_memory_mapping.cc">
      <Filter>memory</Filter>
    </ClCompile>
    <ClCompile Include="..\..\src\extern\GOOGLE_BASE\base\memory\shared_memory_tracker.cc">
      <Filter>memory</Filter>
    </ClCompile>
    <ClCompile Include="..\..\src\extern\GOOGLE_BASE\base\trace_event\memory_dump_provider_info.cc">
      <Filter>trace_event</Filter>
    </ClCompile>
    <ClCompile Include="..\..\src\extern\GOOGLE_BASE\base\trace_event\memory_dump_request_args.cc">
      <Filter>trace_event</Filter>
    </ClCompile>
    <ClCompile Include="..\..\src\extern\GOOGLE_BASE\base\process\process_info_win.cc">
      <Filter>process</Filter>
    </ClCompile>
    <ClCompile Include="..\..\src\extern\GOOGLE_BASE\base\process\process_iterator.cc">
      <Filter>process</Filter>
    </ClCompile>
    <ClCompile Include="..\..\src\extern\GOOGLE_BASE\base\process\process_iterator_win.cc">
      <Filter>process</Filter>
    </ClCompile>
    <ClCompile Include="..\..\src\extern\GOOGLE_BASE\base\process\process_win.cc">
      <Filter>process</Filter>
    </ClCompile>
    <ClCompile Include="..\..\src\extern\GOOGLE_BASE\base\process\kill_win.cc">
      <Filter>process</Filter>
    </ClCompile>
    <ClCompile Include="..\..\src\extern\GOOGLE_BASE\base\process\kill.cc">
      <Filter>process</Filter>
    </ClCompile>
    <ClCompile Include="..\..\src\extern\GOOGLE_BASE\base\win\scoped_process_information.cc">
      <Filter>win</Filter>
    </ClCompile>
    <ClCompile Include="..\..\src\extern\GOOGLE_BASE\base\win\startup_information.cc">
      <Filter>win</Filter>
    </ClCompile>
    <ClCompile Include="..\..\src\extern\GOOGLE_BASE\base\version.cc" />
    <ClCompile Include="..\..\src\extern\GOOGLE_BASE\base\win\windows_version.cc">
      <Filter>win</Filter>
    </ClCompile>
  </ItemGroup>
</Project>