
Microsoft Visual Studio Solution File, Format Version 12.00
# Visual Studio Version 16
VisualStudioVersion = 16.0.28917.181
MinimumVisualStudioVersion = 10.0.40219.1
Project("{8BC9CEB8-8B4A-11D0-8D11-00A0C91BC942}") = "stringutiltest", "stringutiltest\stringutiltest.vcxproj", "{3396D689-0B18-408B-B3E2-2FFDE1F73B70}"
EndProject
Project("{8BC9CEB8-8B4A-11D0-8D11-00A0C91BC942}") = "testjpeg", "testjpeg\testjpeg.vcxproj", "{6DD7C66F-478B-4FE6-9A88-3E252E9564BD}"
EndProject
Project("{8BC9CEB8-8B4A-11D0-8D11-00A0C91BC942}") = "djpeg", "djpeg\djpeg.vcxproj", "{9994B111-4EBA-40C4-B656-B5620BA06796}"
EndProject
Project("{8BC9CEB8-8B4A-11D0-8D11-00A0C91BC942}") = "test_boost_serialization", "test_boost_serialization\test_boost_serialization.vcxproj", "{EBCB66CC-6410-4F34-A764-6CC2467A66EA}"
EndProject
Project("{8BC9CEB8-8B4A-11D0-8D11-00A0C91BC942}") = "es_test", "es_test\es_test.vcxproj", "{DDD4F836-1267-47E1-ABC7-1A6A6D1A8D69}"
EndProject
Project("{8BC9CEB8-8B4A-11D0-8D11-00A0C91BC942}") = "histgram_test", "histgram_test\histgram_test.vcxproj", "{BF70BCB3-1CE4-4151-87AB-874D8548BB76}"
EndProject
Global
	GlobalSection(SolutionConfigurationPlatforms) = preSolution
		Debug|x64 = Debug|x64
		Debug|x86 = Debug|x86
		Release|x64 = Release|x64
		Release|x86 = Release|x86
	EndGlobalSection
	GlobalSection(ProjectConfigurationPlatforms) = postSolution
		{3396D689-0B18-408B-B3E2-2FFDE1F73B70}.Debug|x64.ActiveCfg = Debug|x64
		{3396D689-0B18-408B-B3E2-2FFDE1F73B70}.Debug|x64.Build.0 = Debug|x64
		{3396D689-0B18-408B-B3E2-2FFDE1F73B70}.Debug|x86.ActiveCfg = Debug|Win32
		{3396D689-0B18-408B-B3E2-2FFDE1F73B70}.Debug|x86.Build.0 = Debug|Win32
		{3396D689-0B18-408B-B3E2-2FFDE1F73B70}.Release|x64.ActiveCfg = Release|x64
		{3396D689-0B18-408B-B3E2-2FFDE1F73B70}.Release|x64.Build.0 = Release|x64
		{3396D689-0B18-408B-B3E2-2FFDE1F73B70}.Release|x86.ActiveCfg = Release|Win32
		{3396D689-0B18-408B-B3E2-2FFDE1F73B70}.Release|x86.Build.0 = Release|Win32
		{6DD7C66F-478B-4FE6-9A88-3E252E9564BD}.Debug|x64.ActiveCfg = Debug|x64
		{6DD7C66F-478B-4FE6-9A88-3E252E9564BD}.Debug|x64.Build.0 = Debug|x64
		{6DD7C66F-478B-4FE6-9A88-3E252E9564BD}.Debug|x86.ActiveCfg = Debug|Win32
		{6DD7C66F-478B-4FE6-9A88-3E252E9564BD}.Debug|x86.Build.0 = Debug|Win32
		{6DD7C66F-478B-4FE6-9A88-3E252E9564BD}.Release|x64.ActiveCfg = Release|x64
		{6DD7C66F-478B-4FE6-9A88-3E252E9564BD}.Release|x64.Build.0 = Release|x64
		{6DD7C66F-478B-4FE6-9A88-3E252E9564BD}.Release|x86.ActiveCfg = Release|Win32
		{6DD7C66F-478B-4FE6-9A88-3E252E9564BD}.Release|x86.Build.0 = Release|Win32
		{9994B111-4EBA-40C4-B656-B5620BA06796}.Debug|x64.ActiveCfg = Debug|x64
		{9994B111-4EBA-40C4-B656-B5620BA06796}.Debug|x64.Build.0 = Debug|x64
		{9994B111-4EBA-40C4-B656-B5620BA06796}.Debug|x86.ActiveCfg = Debug|Win32
		{9994B111-4EBA-40C4-B656-B5620BA06796}.Debug|x86.Build.0 = Debug|Win32
		{9994B111-4EBA-40C4-B656-B5620BA06796}.Release|x64.ActiveCfg = Release|x64
		{9994B111-4EBA-40C4-B656-B5620BA06796}.Release|x64.Build.0 = Release|x64
		{9994B111-4EBA-40C4-B656-B5620BA06796}.Release|x86.ActiveCfg = Release|Win32
		{9994B111-4EBA-40C4-B656-B5620BA06796}.Release|x86.Build.0 = Release|Win32
		{EBCB66CC-6410-4F34-A764-6CC2467A66EA}.Debug|x64.ActiveCfg = Debug|x64
		{EBCB66CC-6410-4F34-A764-6CC2467A66EA}.Debug|x64.Build.0 = Debug|x64
		{EBCB66CC-6410-4F34-A764-6CC2467A66EA}.Debug|x86.ActiveCfg = Debug|Win32
		{EBCB66CC-6410-4F34-A764-6CC2467A66EA}.Debug|x86.Build.0 = Debug|Win32
		{EBCB66CC-6410-4F34-A764-6CC2467A66EA}.Release|x64.ActiveCfg = Release|x64
		{EBCB66CC-6410-4F34-A764-6CC2467A66EA}.Release|x64.Build.0 = Release|x64
		{EBCB66CC-6410-4F34-A764-6CC2467A66EA}.Release|x86.ActiveCfg = Release|Win32
		{EBCB66CC-6410-4F34-A764-6CC2467A66EA}.Release|x86.Build.0 = Release|Win32
		{DDD4F836-1267-47E1-ABC7-1A6A6D1A8D69}.Debug|x64.ActiveCfg = Debug|x64
		{DDD4F836-1267-47E1-ABC7-1A6A6D1A8D69}.Debug|x64.Build.0 = Debug|x64
		{DDD4F836-1267-47E1-ABC7-1A6A6D1A8D69}.Debug|x86.ActiveCfg = Debug|Win32
		{DDD4F836-1267-47E1-ABC7-1A6A6D1A8D69}.Debug|x86.Build.0 = Debug|Win32
		{DDD4F836-1267-47E1-ABC7-1A6A6D1A8D69}.Release|x64.ActiveCfg = Release|x64
		{DDD4F836-1267-47E1-ABC7-1A6A6D1A8D69}.Release|x64.Build.0 = Release|x64
		{DDD4F836-1267-47E1-ABC7-1A6A6D1A8D69}.Release|x86.ActiveCfg = Release|Win32
		{DDD4F836-1267-47E1-ABC7-1A6A6D1A8D69}.Release|x86.Build.0 = Release|Win32
		{BF70BCB3-1CE4-4151-87AB-874D8548BB76}.Debug|x64.ActiveCfg = Debug|x64
		{BF70BCB3-1CE4-4151-87AB-874D8548BB76}.Debug|x64.Build.0 = Debug|x64
		{BF70BCB3-1CE4-4151-87AB-874D8548BB76}.Debug|x86.ActiveCfg = Debug|Win32
		{BF70BCB3-1CE4-4151-87AB-874D8548BB76}.Debug|x86.Build.0 = Debug|Win32
		{BF70BCB3-1CE4-4151-87AB-874D8548BB76}.Release|x64.ActiveCfg = Release|x64
		{BF70BCB3-1CE4-4151-87AB-874D8548BB76}.Release|x64.Build.0 = Release|x64
		{BF70BCB3-1CE4-4151-87AB-874D8548BB76}.Release|x86.ActiveCfg = Release|Win32
		{BF70BCB3-1CE4-4151-87AB-874D8548BB76}.Release|x86.Build.0 = Release|Win32
	EndGlobalSection
	GlobalSection(SolutionProperties) = preSolution
		HideSolutionNode = FALSE
	EndGlobalSection
	GlobalSection(ExtensibilityGlobals) = postSolution
		SolutionGuid = {CEFA27D1-301E-45BE-9C4A-4BC612745043}
	EndGlobalSection
EndGlobal
