
Microsoft Visual Studio Solution File, Format Version 12.00
# Visual Studio Version 16
VisualStudioVersion = 16.0.28917.181
MinimumVisualStudioVersion = 10.0.40219.1
Project("{8BC9CEB8-8B4A-11D0-8D11-00A0C91BC942}") = "COLLADABaseUtils", "COLLADABaseUtils\COLLADABaseUtils.vcxproj", "{C99A4457-9077-4385-BE01-358876BA1578}"
	ProjectSection(ProjectDependencies) = postProject
		{83612A23-D194-4938-8BF3-8DC774535331} = {83612A23-D194-4938-8BF3-8DC774535331}
	EndProjectSection
EndProject
Project("{8BC9CEB8-8B4A-11D0-8D11-00A0C91BC942}") = "COLLADAPCRE", "COLLADAPCRE\COLLADAPCRE.vcxproj", "{83612A23-D194-4938-8BF3-8DC774535331}"
EndProject
Project("{8BC9CEB8-8B4A-11D0-8D11-00A0C91BC942}") = "GeneratedSaxParser", "GeneratedSaxParser\GeneratedSaxParser.vcxproj", "{25EF7B35-F056-4FB3-A87D-AE63B3800097}"
	ProjectSection(ProjectDependencies) = postProject
		{83612A23-D194-4938-8BF3-8DC774535331} = {83612A23-D194-4938-8BF3-8DC774535331}
		{C99A4457-9077-4385-BE01-358876BA1578} = {C99A4457-9077-4385-BE01-358876BA1578}
		{C6A6D16A-0431-4E78-8DAA-909925FE6176} = {C6A6D16A-0431-4E78-8DAA-909925FE6176}
	EndProjectSection
EndProject
Project("{8BC9CEB8-8B4A-11D0-8D11-00A0C91BC942}") = "COLLADAXML", "COLLADAXML\COLLADAXML.vcxproj", "{C6A6D16A-0431-4E78-8DAA-909925FE6176}"
EndProject
Project("{8BC9CEB8-8B4A-11D0-8D11-00A0C91BC942}") = "COLLADAFramework", "COLLADAFramework\COLLADAFramework.vcxproj", "{A90CE4F1-AE4A-404E-9E7D-41ACB10FA2B3}"
	ProjectSection(ProjectDependencies) = postProject
		{B35E4F28-0CAE-4CE4-A36C-670201EE74A9} = {B35E4F28-0CAE-4CE4-A36C-670201EE74A9}
	EndProjectSection
EndProject
Project("{8BC9CEB8-8B4A-11D0-8D11-00A0C91BC942}") = "COLLADAMathMLSolver", "COLLADAMathMLSolver\COLLADAMathMLSolver.vcxproj", "{B35E4F28-0CAE-4CE4-A36C-670201EE74A9}"
EndProject
Project("{8BC9CEB8-8B4A-11D0-8D11-00A0C91BC942}") = "COLLADAStreamWriter", "COLLADAStreamWriter\COLLADAStreamWriter.vcxproj", "{05E7C86D-6FA4-42AE-B7B6-C3C5E83BE1FE}"
	ProjectSection(ProjectDependencies) = postProject
		{C99A4457-9077-4385-BE01-358876BA1578} = {C99A4457-9077-4385-BE01-358876BA1578}
		{0E2656EE-1420-4284-86D4-8AD11427A3AD} = {0E2656EE-1420-4284-86D4-8AD11427A3AD}
	EndProjectSection
EndProject
Project("{8BC9CEB8-8B4A-11D0-8D11-00A0C91BC942}") = "COLLADABuffer", "COLLADABuffer\COLLADABuffer.vcxproj", "{0E2656EE-1420-4284-86D4-8AD11427A3AD}"
	ProjectSection(ProjectDependencies) = postProject
		{83612A23-D194-4938-8BF3-8DC774535331} = {83612A23-D194-4938-8BF3-8DC774535331}
	EndProjectSection
EndProject
Project("{8BC9CEB8-8B4A-11D0-8D11-00A0C91BC942}") = "COLLADASaxFrameworkLoader", "COLLADASaxFrameworkLoader\COLLADASaxFrameworkLoader.vcxproj", "{866AEB43-B364-4F41-8EC0-5F15B4E3C213}"
EndProject
Global
	GlobalSection(SolutionConfigurationPlatforms) = preSolution
		Debug|x64 = Debug|x64
		Debug|x86 = Debug|x86
		Release|x64 = Release|x64
		Release|x86 = Release|x86
	EndGlobalSection
	GlobalSection(ProjectConfigurationPlatforms) = postSolution
		{C99A4457-9077-4385-BE01-358876BA1578}.Debug|x64.ActiveCfg = Debug|x64
		{C99A4457-9077-4385-BE01-358876BA1578}.Debug|x64.Build.0 = Debug|x64
		{C99A4457-9077-4385-BE01-358876BA1578}.Debug|x86.ActiveCfg = Debug|Win32
		{C99A4457-9077-4385-BE01-358876BA1578}.Debug|x86.Build.0 = Debug|Win32
		{C99A4457-9077-4385-BE01-358876BA1578}.Release|x64.ActiveCfg = Release|x64
		{C99A4457-9077-4385-BE01-358876BA1578}.Release|x64.Build.0 = Release|x64
		{C99A4457-9077-4385-BE01-358876BA1578}.Release|x86.ActiveCfg = Release|Win32
		{C99A4457-9077-4385-BE01-358876BA1578}.Release|x86.Build.0 = Release|Win32
		{83612A23-D194-4938-8BF3-8DC774535331}.Debug|x64.ActiveCfg = Debug|x64
		{83612A23-D194-4938-8BF3-8DC774535331}.Debug|x64.Build.0 = Debug|x64
		{83612A23-D194-4938-8BF3-8DC774535331}.Debug|x86.ActiveCfg = Debug|Win32
		{83612A23-D194-4938-8BF3-8DC774535331}.Debug|x86.Build.0 = Debug|Win32
		{83612A23-D194-4938-8BF3-8DC774535331}.Release|x64.ActiveCfg = Release|x64
		{83612A23-D194-4938-8BF3-8DC774535331}.Release|x64.Build.0 = Release|x64
		{83612A23-D194-4938-8BF3-8DC774535331}.Release|x86.ActiveCfg = Release|Win32
		{83612A23-D194-4938-8BF3-8DC774535331}.Release|x86.Build.0 = Release|Win32
		{25EF7B35-F056-4FB3-A87D-AE63B3800097}.Debug|x64.ActiveCfg = Debug|x64
		{25EF7B35-F056-4FB3-A87D-AE63B3800097}.Debug|x64.Build.0 = Debug|x64
		{25EF7B35-F056-4FB3-A87D-AE63B3800097}.Debug|x86.ActiveCfg = Debug|Win32
		{25EF7B35-F056-4FB3-A87D-AE63B3800097}.Debug|x86.Build.0 = Debug|Win32
		{25EF7B35-F056-4FB3-A87D-AE63B3800097}.Release|x64.ActiveCfg = Release|x64
		{25EF7B35-F056-4FB3-A87D-AE63B3800097}.Release|x64.Build.0 = Release|x64
		{25EF7B35-F056-4FB3-A87D-AE63B3800097}.Release|x86.ActiveCfg = Release|Win32
		{25EF7B35-F056-4FB3-A87D-AE63B3800097}.Release|x86.Build.0 = Release|Win32
		{C6A6D16A-0431-4E78-8DAA-909925FE6176}.Debug|x64.ActiveCfg = Debug|x64
		{C6A6D16A-0431-4E78-8DAA-909925FE6176}.Debug|x64.Build.0 = Debug|x64
		{C6A6D16A-0431-4E78-8DAA-909925FE6176}.Debug|x86.ActiveCfg = Debug|Win32
		{C6A6D16A-0431-4E78-8DAA-909925FE6176}.Debug|x86.Build.0 = Debug|Win32
		{C6A6D16A-0431-4E78-8DAA-909925FE6176}.Release|x64.ActiveCfg = Release|x64
		{C6A6D16A-0431-4E78-8DAA-909925FE6176}.Release|x64.Build.0 = Release|x64
		{C6A6D16A-0431-4E78-8DAA-909925FE6176}.Release|x86.ActiveCfg = Release|Win32
		{C6A6D16A-0431-4E78-8DAA-909925FE6176}.Release|x86.Build.0 = Release|Win32
		{A90CE4F1-AE4A-404E-9E7D-41ACB10FA2B3}.Debug|x64.ActiveCfg = Debug|x64
		{A90CE4F1-AE4A-404E-9E7D-41ACB10FA2B3}.Debug|x64.Build.0 = Debug|x64
		{A90CE4F1-AE4A-404E-9E7D-41ACB10FA2B3}.Debug|x86.ActiveCfg = Debug|Win32
		{A90CE4F1-AE4A-404E-9E7D-41ACB10FA2B3}.Debug|x86.Build.0 = Debug|Win32
		{A90CE4F1-AE4A-404E-9E7D-41ACB10FA2B3}.Release|x64.ActiveCfg = Release|x64
		{A90CE4F1-AE4A-404E-9E7D-41ACB10FA2B3}.Release|x64.Build.0 = Release|x64
		{A90CE4F1-AE4A-404E-9E7D-41ACB10FA2B3}.Release|x86.ActiveCfg = Release|Win32
		{A90CE4F1-AE4A-404E-9E7D-41ACB10FA2B3}.Release|x86.Build.0 = Release|Win32
		{B35E4F28-0CAE-4CE4-A36C-670201EE74A9}.Debug|x64.ActiveCfg = Debug|x64
		{B35E4F28-0CAE-4CE4-A36C-670201EE74A9}.Debug|x64.Build.0 = Debug|x64
		{B35E4F28-0CAE-4CE4-A36C-670201EE74A9}.Debug|x86.ActiveCfg = Debug|Win32
		{B35E4F28-0CAE-4CE4-A36C-670201EE74A9}.Debug|x86.Build.0 = Debug|Win32
		{B35E4F28-0CAE-4CE4-A36C-670201EE74A9}.Release|x64.ActiveCfg = Release|x64
		{B35E4F28-0CAE-4CE4-A36C-670201EE74A9}.Release|x64.Build.0 = Release|x64
		{B35E4F28-0CAE-4CE4-A36C-670201EE74A9}.Release|x86.ActiveCfg = Release|Win32
		{B35E4F28-0CAE-4CE4-A36C-670201EE74A9}.Release|x86.Build.0 = Release|Win32
		{05E7C86D-6FA4-42AE-B7B6-C3C5E83BE1FE}.Debug|x64.ActiveCfg = Debug|x64
		{05E7C86D-6FA4-42AE-B7B6-C3C5E83BE1FE}.Debug|x64.Build.0 = Debug|x64
		{05E7C86D-6FA4-42AE-B7B6-C3C5E83BE1FE}.Debug|x86.ActiveCfg = Debug|Win32
		{05E7C86D-6FA4-42AE-B7B6-C3C5E83BE1FE}.Debug|x86.Build.0 = Debug|Win32
		{05E7C86D-6FA4-42AE-B7B6-C3C5E83BE1FE}.Release|x64.ActiveCfg = Release|x64
		{05E7C86D-6FA4-42AE-B7B6-C3C5E83BE1FE}.Release|x64.Build.0 = Release|x64
		{05E7C86D-6FA4-42AE-B7B6-C3C5E83BE1FE}.Release|x86.ActiveCfg = Release|Win32
		{05E7C86D-6FA4-42AE-B7B6-C3C5E83BE1FE}.Release|x86.Build.0 = Release|Win32
		{0E2656EE-1420-4284-86D4-8AD11427A3AD}.Debug|x64.ActiveCfg = Debug|x64
		{0E2656EE-1420-4284-86D4-8AD11427A3AD}.Debug|x64.Build.0 = Debug|x64
		{0E2656EE-1420-4284-86D4-8AD11427A3AD}.Debug|x86.ActiveCfg = Debug|Win32
		{0E2656EE-1420-4284-86D4-8AD11427A3AD}.Debug|x86.Build.0 = Debug|Win32
		{0E2656EE-1420-4284-86D4-8AD11427A3AD}.Release|x64.ActiveCfg = Release|x64
		{0E2656EE-1420-4284-86D4-8AD11427A3AD}.Release|x64.Build.0 = Release|x64
		{0E2656EE-1420-4284-86D4-8AD11427A3AD}.Release|x86.ActiveCfg = Release|Win32
		{0E2656EE-1420-4284-86D4-8AD11427A3AD}.Release|x86.Build.0 = Release|Win32
		{866AEB43-B364-4F41-8EC0-5F15B4E3C213}.Debug|x64.ActiveCfg = Debug|x64
		{866AEB43-B364-4F41-8EC0-5F15B4E3C213}.Debug|x64.Build.0 = Debug|x64
		{866AEB43-B364-4F41-8EC0-5F15B4E3C213}.Debug|x86.ActiveCfg = Debug|Win32
		{866AEB43-B364-4F41-8EC0-5F15B4E3C213}.Debug|x86.Build.0 = Debug|Win32
		{866AEB43-B364-4F41-8EC0-5F15B4E3C213}.Release|x64.ActiveCfg = Release|x64
		{866AEB43-B364-4F41-8EC0-5F15B4E3C213}.Release|x64.Build.0 = Release|x64
		{866AEB43-B364-4F41-8EC0-5F15B4E3C213}.Release|x86.ActiveCfg = Release|Win32
		{866AEB43-B364-4F41-8EC0-5F15B4E3C213}.Release|x86.Build.0 = Release|Win32
	EndGlobalSection
	GlobalSection(SolutionProperties) = preSolution
		HideSolutionNode = FALSE
	EndGlobalSection
	GlobalSection(ExtensibilityGlobals) = postSolution
		SolutionGuid = {4D99755E-1301-4DC8-A5D8-CCCED4978F44}
	EndGlobalSection
EndGlobal
