<?xml version="1.0" encoding="utf-8"?>
<Project ToolsVersion="4.0" xmlns="http://schemas.microsoft.com/developer/msbuild/2003">
  <ItemGroup>
    <Filter Include="源文件">
      <UniqueIdentifier>{4FC737F1-C7A5-4376-A066-2A32D752A2FF}</UniqueIdentifier>
      <Extensions>cpp;c;cc;cxx;def;odl;idl;hpj;bat;asm;asmx</Extensions>
    </Filter>
    <Filter Include="头文件">
      <UniqueIdentifier>{93995380-89BD-4b04-88EB-625FBE52EBFB}</UniqueIdentifier>
      <Extensions>h;hh;hpp;hxx;hm;inl;inc;ipp;xsd</Extensions>
    </Filter>
    <Filter Include="资源文件">
      <UniqueIdentifier>{67DA6AB6-F800-4c08-8B7A-83BB121AAD01}</UniqueIdentifier>
      <Extensions>rc;ico;cur;bmp;dlg;rc2;rct;bin;rgs;gif;jpg;jpeg;jpe;resx;tiff;tif;png;wav;mfcribbon-ms</Extensions>
    </Filter>
  </ItemGroup>
  <ItemGroup>
    <ClInclude Include="..\..\..\src\Simulation\lasso_lib\lassoscene.h">
      <Filter>头文件</Filter>
    </ClInclude>
    <ClInclude Include="..\..\..\src\Simulation\lasso_lib\lassonode.h">
      <Filter>头文件</Filter>
    </ClInclude>
    <ClInclude Include="..\..\..\src\Simulation\lasso_lib\trackballcenter.h">
      <Filter>头文件</Filter>
    </ClInclude>
    <ClInclude Include="..\..\..\src\Simulation\lasso_lib\operation.h">
      <Filter>头文件</Filter>
    </ClInclude>
    <ClInclude Include="..\..\..\src\Simulation\lasso_lib\selectalloperation.h">
      <Filter>头文件</Filter>
    </ClInclude>
    <ClInclude Include="..\..\..\src\Simulation\lasso_lib\feedgeometry.h">
      <Filter>头文件</Filter>
    </ClInclude>
    <ClInclude Include="..\..\..\src\Simulation\lasso_lib\reserveoperation.h">
      <Filter>头文件</Filter>
    </ClInclude>
    <ClInclude Include="..\..\..\src\Simulation\lasso_lib\triangleoperation.h">
      <Filter>头文件</Filter>
    </ClInclude>
    <ClInclude Include="..\..\..\src\Simulation\lasso_lib\quaderaseoperation.h">
      <Filter>头文件</Filter>
    </ClInclude>
    <ClInclude Include="..\..\..\src\Simulation\lasso_lib\deletealloperation.h">
      <Filter>头文件</Filter>
    </ClInclude>
    <ClInclude Include="..\..\..\src\Simulation\lasso_lib\deleteoperation.h">
      <Filter>头文件</Filter>
    </ClInclude>
    <ClInclude Include="..\..\..\src\Simulation\lasso_lib\flipoperation.h">
      <Filter>头文件</Filter>
    </ClInclude>
    <ClInclude Include="..\..\..\src\Simulation\lasso_lib\copyoperation.h">
      <Filter>头文件</Filter>
    </ClInclude>
    <ClInclude Include="..\..\..\src\Simulation\lasso_lib\eraseoperation.h">
      <Filter>头文件</Filter>
    </ClInclude>
  </ItemGroup>
  <ItemGroup>
    <ClCompile Include="..\..\..\src\Simulation\lasso_lib\lassoscene.cpp">
      <Filter>源文件</Filter>
    </ClCompile>
    <ClCompile Include="..\..\..\src\Simulation\lasso_lib\lassonode.cpp">
      <Filter>源文件</Filter>
    </ClCompile>
    <ClCompile Include="..\..\..\src\Simulation\lasso_lib\trackballcenter.cpp">
      <Filter>源文件</Filter>
    </ClCompile>
    <ClCompile Include="..\..\..\src\Simulation\lasso_lib\operation.cpp">
      <Filter>源文件</Filter>
    </ClCompile>
    <ClCompile Include="..\..\..\src\Simulation\lasso_lib\selectalloperation.cpp">
      <Filter>源文件</Filter>
    </ClCompile>
    <ClCompile Include="..\..\..\src\Simulation\lasso_lib\feedgeometry.cpp">
      <Filter>源文件</Filter>
    </ClCompile>
    <ClCompile Include="..\..\..\src\Simulation\lasso_lib\triangleoperation.cpp">
      <Filter>源文件</Filter>
    </ClCompile>
    <ClCompile Include="..\..\..\src\Simulation\lasso_lib\quaderaseoperation.cpp">
      <Filter>源文件</Filter>
    </ClCompile>
    <ClCompile Include="..\..\..\src\Simulation\lasso_lib\reserveoperation.cpp">
      <Filter>源文件</Filter>
    </ClCompile>
    <ClCompile Include="..\..\..\src\Simulation\lasso_lib\deletealloperation.cpp">
      <Filter>源文件</Filter>
    </ClCompile>
    <ClCompile Include="..\..\..\src\Simulation\lasso_lib\deleteoperation.cpp">
      <Filter>源文件</Filter>
    </ClCompile>
    <ClCompile Include="..\..\..\src\Simulation\lasso_lib\flipoperation.cpp">
      <Filter>源文件</Filter>
    </ClCompile>
    <ClCompile Include="..\..\..\src\Simulation\lasso_lib\copyoperation.cpp">
      <Filter>源文件</Filter>
    </ClCompile>
    <ClCompile Include="..\..\..\src\Simulation\lasso_lib\eraseoperation.cpp">
      <Filter>源文件</Filter>
    </ClCompile>
  </ItemGroup>
</Project>