<?xml version="1.0" encoding="utf-8"?>
<Project ToolsVersion="4.0" xmlns="http://schemas.microsoft.com/developer/msbuild/2003">
  <ItemGroup>
    <Filter Include="源文件">
      <UniqueIdentifier>{4FC737F1-C7A5-4376-A066-2A32D752A2FF}</UniqueIdentifier>
      <Extensions>cpp;c;cc;cxx;def;odl;idl;hpj;bat;asm;asmx</Extensions>
    </Filter>
    <Filter Include="头文件">
      <UniqueIdentifier>{93995380-89BD-4b04-88EB-625FBE52EBFB}</UniqueIdentifier>
      <Extensions>h;hh;hpp;hxx;hm;inl;inc;ipp;xsd</Extensions>
    </Filter>
    <Filter Include="资源文件">
      <UniqueIdentifier>{67DA6AB6-F800-4c08-8B7A-83BB121AAD01}</UniqueIdentifier>
      <Extensions>rc;ico;cur;bmp;dlg;rc2;rct;bin;rgs;gif;jpg;jpeg;jpe;resx;tiff;tif;png;wav;mfcribbon-ms</Extensions>
    </Filter>
  </ItemGroup>
  <ItemGroup>
    <ClCompile Include="..\..\src\flex\buf.c">
      <Filter>源文件</Filter>
    </ClCompile>
    <ClCompile Include="..\..\src\flex\ccl.c">
      <Filter>源文件</Filter>
    </ClCompile>
    <ClCompile Include="..\..\src\flex\dfa.c">
      <Filter>源文件</Filter>
    </ClCompile>
    <ClCompile Include="..\..\src\flex\ecs.c">
      <Filter>源文件</Filter>
    </ClCompile>
    <ClCompile Include="..\..\src\flex\filter.c">
      <Filter>源文件</Filter>
    </ClCompile>
    <ClCompile Include="..\..\src\flex\gen.c">
      <Filter>源文件</Filter>
    </ClCompile>
    <ClCompile Include="..\..\src\flex\libmain.c">
      <Filter>源文件</Filter>
    </ClCompile>
    <ClCompile Include="..\..\src\flex\libyywrap.c">
      <Filter>源文件</Filter>
    </ClCompile>
    <ClCompile Include="..\..\src\flex\main.c">
      <Filter>源文件</Filter>
    </ClCompile>
    <ClCompile Include="..\..\src\flex\misc.c">
      <Filter>源文件</Filter>
    </ClCompile>
    <ClCompile Include="..\..\src\flex\nfa.c">
      <Filter>源文件</Filter>
    </ClCompile>
    <ClCompile Include="..\..\src\flex\options.c">
      <Filter>源文件</Filter>
    </ClCompile>
    <ClCompile Include="..\..\src\flex\regex.c">
      <Filter>源文件</Filter>
    </ClCompile>
    <ClCompile Include="..\..\src\flex\scanflags.c">
      <Filter>源文件</Filter>
    </ClCompile>
    <ClCompile Include="..\..\src\flex\scanopt.c">
      <Filter>源文件</Filter>
    </ClCompile>
    <ClCompile Include="..\..\src\flex\sym.c">
      <Filter>源文件</Filter>
    </ClCompile>
    <ClCompile Include="..\..\src\flex\tables.c">
      <Filter>源文件</Filter>
    </ClCompile>
    <ClCompile Include="..\..\src\flex\tables_shared.c">
      <Filter>源文件</Filter>
    </ClCompile>
    <ClCompile Include="..\..\src\flex\tblcmp.c">
      <Filter>源文件</Filter>
    </ClCompile>
    <ClCompile Include="..\..\src\flex\yylex.c">
      <Filter>源文件</Filter>
    </ClCompile>
  </ItemGroup>
  <ItemGroup>
    <ClInclude Include="..\..\src\flex\flexdef.h">
      <Filter>头文件</Filter>
    </ClInclude>
    <ClInclude Include="..\..\src\flex\flexint.h">
      <Filter>头文件</Filter>
    </ClInclude>
    <ClInclude Include="..\..\src\flex\flexint_shared.h">
      <Filter>头文件</Filter>
    </ClInclude>
    <ClInclude Include="..\..\src\flex\FlexLexer.h">
      <Filter>头文件</Filter>
    </ClInclude>
    <ClInclude Include="..\..\src\flex\gettext.h">
      <Filter>头文件</Filter>
    </ClInclude>
    <ClInclude Include="..\..\src\flex\options.h">
      <Filter>头文件</Filter>
    </ClInclude>
    <ClInclude Include="..\..\src\flex\scanopt.h">
      <Filter>头文件</Filter>
    </ClInclude>
    <ClInclude Include="..\..\src\flex\tables.h">
      <Filter>头文件</Filter>
    </ClInclude>
    <ClInclude Include="..\..\src\flex\tables_shared.h">
      <Filter>头文件</Filter>
    </ClInclude>
    <ClInclude Include="..\..\src\flex\version.h">
      <Filter>头文件</Filter>
    </ClInclude>
  </ItemGroup>
</Project>