<?xml version="1.0" encoding="utf-8"?>
<Project ToolsVersion="4.0" xmlns="http://schemas.microsoft.com/developer/msbuild/2003">
  <ItemGroup>
    <Filter Include="源文件">
      <UniqueIdentifier>{4FC737F1-C7A5-4376-A066-2A32D752A2FF}</UniqueIdentifier>
      <Extensions>cpp;c;cc;cxx;def;odl;idl;hpj;bat;asm;asmx</Extensions>
    </Filter>
    <Filter Include="头文件">
      <UniqueIdentifier>{93995380-89BD-4b04-88EB-625FBE52EBFB}</UniqueIdentifier>
      <Extensions>h;hh;hpp;hxx;hm;inl;inc;ipp;xsd</Extensions>
    </Filter>
    <Filter Include="资源文件">
      <UniqueIdentifier>{67DA6AB6-F800-4c08-8B7A-83BB121AAD01}</UniqueIdentifier>
      <Extensions>rc;ico;cur;bmp;dlg;rc2;rct;bin;rgs;gif;jpg;jpeg;jpe;resx;tiff;tif;png;wav;mfcribbon-ms</Extensions>
    </Filter>
    <Filter Include="simulation">
      <UniqueIdentifier>{c6e1dc89-99c3-46c1-a5a5-e1b913498841}</UniqueIdentifier>
    </Filter>
    <Filter Include="octree">
      <UniqueIdentifier>{2ec97a44-ef76-435d-90ab-75c4a626554d}</UniqueIdentifier>
    </Filter>
  </ItemGroup>
  <ItemGroup>
    <ClCompile Include="..\..\..\src\Simulation\trimesh_icp_simulation\boundingbox.cpp">
      <Filter>源文件</Filter>
    </ClCompile>
    <ClCompile Include="..\..\..\src\Simulation\trimesh_icp_simulation\cmdicp.cpp">
      <Filter>源文件</Filter>
    </ClCompile>
    <ClCompile Include="..\..\..\src\Simulation\trimesh_icp_simulation\data.cpp">
      <Filter>源文件</Filter>
    </ClCompile>
    <ClCompile Include="..\..\..\src\Simulation\trimesh_icp_simulation\icpnode.cpp">
      <Filter>源文件</Filter>
    </ClCompile>
    <ClCompile Include="..\..\..\src\Simulation\trimesh_icp_simulation\icpscene.cpp">
      <Filter>源文件</Filter>
    </ClCompile>
    <ClCompile Include="..\..\..\src\Simulation\trimesh_icp_simulation\main.cpp">
      <Filter>源文件</Filter>
    </ClCompile>
    <ClCompile Include="..\..\..\src\Simulation\trimesh_icp_simulation\resettask.cpp">
      <Filter>源文件</Filter>
    </ClCompile>
    <ClCompile Include="..\..\..\src\Simulation\trimesh_icp_simulation\scene.cpp">
      <Filter>源文件</Filter>
    </ClCompile>
    <ClCompile Include="..\..\..\src\Simulation\trimesh_icp_simulation\stepicptask.cpp">
      <Filter>源文件</Filter>
    </ClCompile>
    <ClCompile Include="..\..\..\src\Simulation\trimesh_icp_simulation\task.cpp">
      <Filter>源文件</Filter>
    </ClCompile>
    <ClCompile Include="..\..\..\src\Simulation\trimesh_icp_simulation\screengraph.cpp">
      <Filter>源文件</Filter>
    </ClCompile>
    <ClCompile Include="..\..\..\src\Simulation\trimesh_icp_simulation\screenboundingbox.cpp">
      <Filter>源文件</Filter>
    </ClCompile>
    <ClCompile Include="..\..\..\src\Simulation\trimesh_icp_simulation\screenlines.cpp">
      <Filter>源文件</Filter>
    </ClCompile>
    <ClCompile Include="..\..\..\src\Simulation\trimesh_icp_simulation\csvwriter.cpp">
      <Filter>源文件</Filter>
    </ClCompile>
    <ClCompile Include="..\..\..\src\Simulation\trimesh_icp_simulation\simulation_entry.cpp">
      <Filter>源文件</Filter>
    </ClCompile>
    <ClCompile Include="..\..\..\src\Simulation\trimesh_icp_simulation\renderthread.cpp">
      <Filter>simulation</Filter>
    </ClCompile>
    <ClCompile Include="..\..\..\src\Simulation\trimesh_icp_simulation\simulationscene.cpp">
      <Filter>simulation</Filter>
    </ClCompile>
    <ClCompile Include="..\..\..\src\Simulation\trimesh_icp_simulation\slammer.cpp">
      <Filter>simulation</Filter>
    </ClCompile>
    <ClCompile Include="..\..\..\src\Simulation\trimesh_icp_simulation\patchnode.cpp">
      <Filter>simulation</Filter>
    </ClCompile>
    <ClCompile Include="..\..\..\src\Simulation\trimesh_icp_simulation\reader.cpp">
      <Filter>simulation</Filter>
    </ClCompile>
    <ClCompile Include="..\..\..\src\Simulation\trimesh_icp_simulation\render.cpp">
      <Filter>simulation</Filter>
    </ClCompile>
    <ClCompile Include="..\..\..\src\Simulation\trimesh_icp_simulation\slamparameters.cpp">
      <Filter>simulation</Filter>
    </ClCompile>
    <ClCompile Include="..\..\..\src\Simulation\trimesh_icp_simulation\slamvo.cpp">
      <Filter>simulation</Filter>
    </ClCompile>
    <ClCompile Include="..\..\..\src\Simulation\trimesh_icp_simulation\trimeshgeometrycreator.cpp">
      <Filter>simulation</Filter>
    </ClCompile>
    <ClCompile Include="..\..\..\src\Simulation\trimesh_icp_simulation\vostate.cpp">
      <Filter>simulation</Filter>
    </ClCompile>
    <ClCompile Include="..\..\..\src\Simulation\trimesh_icp_simulation\voimpl.cpp">
      <Filter>simulation</Filter>
    </ClCompile>
    <ClCompile Include="..\..\..\src\Simulation\trimesh_icp_simulation\octree.cpp">
      <Filter>octree</Filter>
    </ClCompile>
    <ClCompile Include="..\..\..\src\Simulation\trimesh_icp_simulation\octree_entry.cpp">
      <Filter>octree</Filter>
    </ClCompile>
    <ClCompile Include="..\..\..\src\Simulation\trimesh_icp_simulation\octreenode.cpp">
      <Filter>octree</Filter>
    </ClCompile>
    <ClCompile Include="..\..\..\src\Simulation\trimesh_icp_simulation\octreescene.cpp">
      <Filter>octree</Filter>
    </ClCompile>
    <ClCompile Include="..\..\..\src\Simulation\trimesh_icp_simulation\octreework.cpp">
      <Filter>octree</Filter>
    </ClCompile>
    <ClCompile Include="..\..\..\src\Simulation\trimesh_icp_simulation\pointsnode.cpp">
      <Filter>octree</Filter>
    </ClCompile>
    <ClCompile Include="..\..\..\src\Simulation\trimesh_icp_simulation\voprofilerimpl.cpp">
      <Filter>simulation</Filter>
    </ClCompile>
    <ClCompile Include="..\..\..\src\Simulation\trimesh_icp_simulation\debugcenter.cpp">
      <Filter>simulation</Filter>
    </ClCompile>
    <ClCompile Include="..\..\..\src\Simulation\trimesh_icp_simulation\readtracerimpl.cpp">
      <Filter>simulation</Filter>
    </ClCompile>
    <ClCompile Include="..\..\..\src\Simulation\trimesh_icp_simulation\octreegrid.cpp">
      <Filter>octree</Filter>
    </ClCompile>
    <ClCompile Include="..\..\..\src\Simulation\trimesh_icp_simulation\octreechunk.cpp">
      <Filter>octree</Filter>
    </ClCompile>
    <ClCompile Include="..\..\..\src\Simulation\trimesh_icp_simulation\parral.cpp">
      <Filter>源文件</Filter>
    </ClCompile>
    <ClCompile Include="..\..\..\src\Simulation\trimesh_icp_simulation\octreeindex.cpp">
      <Filter>octree</Filter>
    </ClCompile>
    <ClCompile Include="..\..\..\src\Simulation\trimesh_icp_simulation\load_trimeshes.cpp">
      <Filter>源文件</Filter>
    </ClCompile>
    <ClCompile Include="..\..\..\src\Simulation\trimesh_icp_simulation\chunkgeometry.cpp">
      <Filter>simulation</Filter>
    </ClCompile>
    <ClCompile Include="..\..\..\src\Simulation\trimesh_icp_simulation\locatetracerimpl.cpp">
      <Filter>simulation</Filter>
    </ClCompile>
    <ClCompile Include="..\..\..\src\Simulation\trimesh_icp_simulation\paraloctree.cpp">
      <Filter>octree</Filter>
    </ClCompile>
    <ClCompile Include="..\..\..\src\Simulation\trimesh_icp_simulation\paraloctreechunk.cpp">
      <Filter>octree</Filter>
    </ClCompile>
    <ClCompile Include="..\..\..\src\Simulation\trimesh_icp_simulation\keyframerender.cpp">
      <Filter>simulation</Filter>
    </ClCompile>
    <ClCompile Include="..\..\..\src\Simulation\trimesh_icp_simulation\keyframetracerscene.cpp">
      <Filter>simulation</Filter>
    </ClCompile>
    <ClCompile Include="..\..\..\src\Simulation\trimesh_icp_simulation\keyframenode.cpp">
      <Filter>simulation</Filter>
    </ClCompile>
    <ClCompile Include="..\..\..\src\Simulation\trimesh_icp_simulation\projectionicptracerimpl.cpp">
      <Filter>simulation</Filter>
    </ClCompile>
    <ClCompile Include="..\..\..\src\Simulation\trimesh_icp_simulation\mappingtask.cpp">
      <Filter>源文件</Filter>
    </ClCompile>
  </ItemGroup>
  <ItemGroup>
    <ClInclude Include="..\..\..\src\Simulation\trimesh_icp_simulation\boundingbox.h">
      <Filter>头文件</Filter>
    </ClInclude>
    <ClInclude Include="..\..\..\src\Simulation\trimesh_icp_simulation\cmdicp.h">
      <Filter>头文件</Filter>
    </ClInclude>
    <ClInclude Include="..\..\..\src\Simulation\trimesh_icp_simulation\data.h">
      <Filter>头文件</Filter>
    </ClInclude>
    <ClInclude Include="..\..\..\src\Simulation\trimesh_icp_simulation\icpnode.h">
      <Filter>头文件</Filter>
    </ClInclude>
    <ClInclude Include="..\..\..\src\Simulation\trimesh_icp_simulation\icpscene.h">
      <Filter>头文件</Filter>
    </ClInclude>
    <ClInclude Include="..\..\..\src\Simulation\trimesh_icp_simulation\resettask.h">
      <Filter>头文件</Filter>
    </ClInclude>
    <ClInclude Include="..\..\..\src\Simulation\trimesh_icp_simulation\scene.h">
      <Filter>头文件</Filter>
    </ClInclude>
    <ClInclude Include="..\..\..\src\Simulation\trimesh_icp_simulation\stepicptask.h">
      <Filter>头文件</Filter>
    </ClInclude>
    <ClInclude Include="..\..\..\src\Simulation\trimesh_icp_simulation\task.h">
      <Filter>头文件</Filter>
    </ClInclude>
    <ClInclude Include="..\..\..\src\Simulation\trimesh_icp_simulation\screengraph.h">
      <Filter>头文件</Filter>
    </ClInclude>
    <ClInclude Include="..\..\..\src\Simulation\trimesh_icp_simulation\screenboundingbox.h">
      <Filter>头文件</Filter>
    </ClInclude>
    <ClInclude Include="..\..\..\src\Simulation\trimesh_icp_simulation\screenlines.h">
      <Filter>头文件</Filter>
    </ClInclude>
    <ClInclude Include="..\..\..\src\Simulation\trimesh_icp_simulation\csvwriter.h">
      <Filter>头文件</Filter>
    </ClInclude>
    <ClInclude Include="..\..\..\src\Simulation\trimesh_icp_simulation\simulation_entry.h">
      <Filter>头文件</Filter>
    </ClInclude>
    <ClInclude Include="..\..\..\src\Simulation\trimesh_icp_simulation\simulationscene.h">
      <Filter>simulation</Filter>
    </ClInclude>
    <ClInclude Include="..\..\..\src\Simulation\trimesh_icp_simulation\renderthread.h">
      <Filter>simulation</Filter>
    </ClInclude>
    <ClInclude Include="..\..\..\src\Simulation\trimesh_icp_simulation\slammer.h">
      <Filter>simulation</Filter>
    </ClInclude>
    <ClInclude Include="..\..\..\src\Simulation\trimesh_icp_simulation\interface.h">
      <Filter>simulation</Filter>
    </ClInclude>
    <ClInclude Include="..\..\..\src\Simulation\trimesh_icp_simulation\patchnode.h">
      <Filter>simulation</Filter>
    </ClInclude>
    <ClInclude Include="..\..\..\src\Simulation\trimesh_icp_simulation\reader.h">
      <Filter>simulation</Filter>
    </ClInclude>
    <ClInclude Include="..\..\..\src\Simulation\trimesh_icp_simulation\render.h">
      <Filter>simulation</Filter>
    </ClInclude>
    <ClInclude Include="..\..\..\src\Simulation\trimesh_icp_simulation\slamparameters.h">
      <Filter>simulation</Filter>
    </ClInclude>
    <ClInclude Include="..\..\..\src\Simulation\trimesh_icp_simulation\slamvo.h">
      <Filter>simulation</Filter>
    </ClInclude>
    <ClInclude Include="..\..\..\src\Simulation\trimesh_icp_simulation\trimeshgeometrycreator.h">
      <Filter>simulation</Filter>
    </ClInclude>
    <ClInclude Include="..\..\..\src\Simulation\trimesh_icp_simulation\vostate.h">
      <Filter>simulation</Filter>
    </ClInclude>
    <ClInclude Include="..\..\..\src\Simulation\trimesh_icp_simulation\voimpl.h">
      <Filter>simulation</Filter>
    </ClInclude>
    <ClInclude Include="..\..\..\src\Simulation\trimesh_icp_simulation\octree.h">
      <Filter>octree</Filter>
    </ClInclude>
    <ClInclude Include="..\..\..\src\Simulation\trimesh_icp_simulation\octree_entry.h">
      <Filter>octree</Filter>
    </ClInclude>
    <ClInclude Include="..\..\..\src\Simulation\trimesh_icp_simulation\octreenode.h">
      <Filter>octree</Filter>
    </ClInclude>
    <ClInclude Include="..\..\..\src\Simulation\trimesh_icp_simulation\octreescene.h">
      <Filter>octree</Filter>
    </ClInclude>
    <ClInclude Include="..\..\..\src\Simulation\trimesh_icp_simulation\octreework.h">
      <Filter>octree</Filter>
    </ClInclude>
    <ClInclude Include="..\..\..\src\Simulation\trimesh_icp_simulation\pointsnode.h">
      <Filter>octree</Filter>
    </ClInclude>
    <ClInclude Include="..\..\..\src\Simulation\trimesh_icp_simulation\voprofilerimpl.h">
      <Filter>simulation</Filter>
    </ClInclude>
    <ClInclude Include="..\..\..\src\Simulation\trimesh_icp_simulation\debugcenter.h">
      <Filter>simulation</Filter>
    </ClInclude>
    <ClInclude Include="..\..\..\src\Simulation\trimesh_icp_simulation\readtracerimpl.h">
      <Filter>simulation</Filter>
    </ClInclude>
    <ClInclude Include="..\..\..\src\Simulation\trimesh_icp_simulation\octreegrid.h">
      <Filter>octree</Filter>
    </ClInclude>
    <ClInclude Include="..\..\..\src\Simulation\trimesh_icp_simulation\octreechunk.h">
      <Filter>octree</Filter>
    </ClInclude>
    <ClInclude Include="..\..\..\src\Simulation\trimesh_icp_simulation\parral.h">
      <Filter>头文件</Filter>
    </ClInclude>
    <ClInclude Include="..\..\..\src\Simulation\trimesh_icp_simulation\octreeindex.h">
      <Filter>octree</Filter>
    </ClInclude>
    <ClInclude Include="..\..\..\src\Simulation\trimesh_icp_simulation\load_trimeshes.h">
      <Filter>头文件</Filter>
    </ClInclude>
    <ClInclude Include="..\..\..\src\Simulation\trimesh_icp_simulation\chunkgeometry.h">
      <Filter>simulation</Filter>
    </ClInclude>
    <ClInclude Include="..\..\..\src\Simulation\trimesh_icp_simulation\locatetracerimpl.h">
      <Filter>simulation</Filter>
    </ClInclude>
    <ClInclude Include="..\..\..\src\Simulation\trimesh_icp_simulation\paraloctreechunk.h">
      <Filter>octree</Filter>
    </ClInclude>
    <ClInclude Include="..\..\..\src\Simulation\trimesh_icp_simulation\paraloctree.h">
      <Filter>octree</Filter>
    </ClInclude>
    <ClInclude Include="..\..\..\src\Simulation\trimesh_icp_simulation\keyframerender.h">
      <Filter>simulation</Filter>
    </ClInclude>
    <ClInclude Include="..\..\..\src\Simulation\trimesh_icp_simulation\keyframetracerscene.h">
      <Filter>simulation</Filter>
    </ClInclude>
    <ClInclude Include="..\..\..\src\Simulation\trimesh_icp_simulation\keyframenode.h">
      <Filter>simulation</Filter>
    </ClInclude>
    <ClInclude Include="..\..\..\src\Simulation\trimesh_icp_simulation\projectionicptracerimpl.h">
      <Filter>simulation</Filter>
    </ClInclude>
    <ClInclude Include="..\..\..\src\Simulation\trimesh_icp_simulation\mappingtask.h">
      <Filter>头文件</Filter>
    </ClInclude>
  </ItemGroup>
  <ItemGroup>
    <Text Include="..\..\..\src\Simulation\trimesh_icp_simulation\run.txt">
      <Filter>资源文件</Filter>
    </Text>
  </ItemGroup>
</Project>