
Microsoft Visual Studio Solution File, Format Version 12.00
# Visual Studio Version 16
VisualStudioVersion = 16.0.28803.352
MinimumVisualStudioVersion = 10.0.40219.1
Project("{8BC9CEB8-8B4A-11D0-8D11-00A0C91BC942}") = "harmonic_field_tooth_segment_simulation", "harmonic_field_tooth_segment_simulation\harmonic_field_tooth_segment_simulation.vcxproj", "{6DC68715-F4B7-4F65-8F6D-AB09DCD2C99C}"
EndProject
Project("{8BC9CEB8-8B4A-11D0-8D11-00A0C91BC942}") = "lasso", "lasso\lasso.vcxproj", "{29BC90C0-6817-4648-98DE-5CA50C2AEBE3}"
	ProjectSection(ProjectDependencies) = postProject
		{83FAE4DC-890C-433F-A494-DDABD47C144A} = {83FAE4DC-890C-433F-A494-DDABD47C144A}
	EndProjectSection
EndProject
Project("{8BC9CEB8-8B4A-11D0-8D11-00A0C91BC942}") = "lasso_lib", "lasso_lib\lasso_lib.vcxproj", "{83FAE4DC-890C-433F-A494-DDABD47C144A}"
EndProject
Project("{8BC9CEB8-8B4A-11D0-8D11-00A0C91BC942}") = "trimesh_icp_simulation", "trimesh_icp_simulation\trimesh_icp_simulation.vcxproj", "{34FAC50E-F83B-485B-85D5-A676C89CCAE5}"
EndProject
Project("{8BC9CEB8-8B4A-11D0-8D11-00A0C91BC942}") = "osg_2d_simulation", "osg_2d_simulation\osg_2d_simulation.vcxproj", "{9330B22A-3885-4CBD-8F2D-7170FAC3F4C8}"
EndProject
Project("{8BC9CEB8-8B4A-11D0-8D11-00A0C91BC942}") = "SimulationTools", "SimulationTools\SimulationTools.vcxproj", "{02267EA6-F44B-4F07-9EDB-DA850F3AA989}"
EndProject
Project("{8BC9CEB8-8B4A-11D0-8D11-00A0C91BC942}") = "esslam_simulation", "esslam_simulation\esslam_simulation.vcxproj", "{01D02B85-EFF8-4A51-9D00-F7137B58DAAD}"
	ProjectSection(ProjectDependencies) = postProject
		{02267EA6-F44B-4F07-9EDB-DA850F3AA989} = {02267EA6-F44B-4F07-9EDB-DA850F3AA989}
	EndProjectSection
EndProject
Project("{8BC9CEB8-8B4A-11D0-8D11-00A0C91BC942}") = "robot_simulation", "robot_simulation\robot_simulation.vcxproj", "{684B72AA-7712-4553-A235-C9412D419F49}"
EndProject
Project("{8BC9CEB8-8B4A-11D0-8D11-00A0C91BC942}") = "time_simulation", "time_simulation\time_simulation.vcxproj", "{31F079F8-C91F-4051-890A-975AF7348F9F}"
EndProject
Global
	GlobalSection(SolutionConfigurationPlatforms) = preSolution
		Debug|x64 = Debug|x64
		Debug|x86 = Debug|x86
		Release|x64 = Release|x64
		Release|x86 = Release|x86
	EndGlobalSection
	GlobalSection(ProjectConfigurationPlatforms) = postSolution
		{6DC68715-F4B7-4F65-8F6D-AB09DCD2C99C}.Debug|x64.ActiveCfg = Debug|x64
		{6DC68715-F4B7-4F65-8F6D-AB09DCD2C99C}.Debug|x64.Build.0 = Debug|x64
		{6DC68715-F4B7-4F65-8F6D-AB09DCD2C99C}.Debug|x86.ActiveCfg = Debug|Win32
		{6DC68715-F4B7-4F65-8F6D-AB09DCD2C99C}.Debug|x86.Build.0 = Debug|Win32
		{6DC68715-F4B7-4F65-8F6D-AB09DCD2C99C}.Release|x64.ActiveCfg = Release|x64
		{6DC68715-F4B7-4F65-8F6D-AB09DCD2C99C}.Release|x64.Build.0 = Release|x64
		{6DC68715-F4B7-4F65-8F6D-AB09DCD2C99C}.Release|x86.ActiveCfg = Release|Win32
		{6DC68715-F4B7-4F65-8F6D-AB09DCD2C99C}.Release|x86.Build.0 = Release|Win32
		{29BC90C0-6817-4648-98DE-5CA50C2AEBE3}.Debug|x64.ActiveCfg = Debug|x64
		{29BC90C0-6817-4648-98DE-5CA50C2AEBE3}.Debug|x64.Build.0 = Debug|x64
		{29BC90C0-6817-4648-98DE-5CA50C2AEBE3}.Debug|x86.ActiveCfg = Debug|Win32
		{29BC90C0-6817-4648-98DE-5CA50C2AEBE3}.Debug|x86.Build.0 = Debug|Win32
		{29BC90C0-6817-4648-98DE-5CA50C2AEBE3}.Release|x64.ActiveCfg = Release|x64
		{29BC90C0-6817-4648-98DE-5CA50C2AEBE3}.Release|x64.Build.0 = Release|x64
		{29BC90C0-6817-4648-98DE-5CA50C2AEBE3}.Release|x86.ActiveCfg = Release|Win32
		{29BC90C0-6817-4648-98DE-5CA50C2AEBE3}.Release|x86.Build.0 = Release|Win32
		{83FAE4DC-890C-433F-A494-DDABD47C144A}.Debug|x64.ActiveCfg = Debug|x64
		{83FAE4DC-890C-433F-A494-DDABD47C144A}.Debug|x64.Build.0 = Debug|x64
		{83FAE4DC-890C-433F-A494-DDABD47C144A}.Debug|x86.ActiveCfg = Debug|Win32
		{83FAE4DC-890C-433F-A494-DDABD47C144A}.Debug|x86.Build.0 = Debug|Win32
		{83FAE4DC-890C-433F-A494-DDABD47C144A}.Release|x64.ActiveCfg = Release|x64
		{83FAE4DC-890C-433F-A494-DDABD47C144A}.Release|x64.Build.0 = Release|x64
		{83FAE4DC-890C-433F-A494-DDABD47C144A}.Release|x86.ActiveCfg = Release|Win32
		{83FAE4DC-890C-433F-A494-DDABD47C144A}.Release|x86.Build.0 = Release|Win32
		{34FAC50E-F83B-485B-85D5-A676C89CCAE5}.Debug|x64.ActiveCfg = Debug|x64
		{34FAC50E-F83B-485B-85D5-A676C89CCAE5}.Debug|x64.Build.0 = Debug|x64
		{34FAC50E-F83B-485B-85D5-A676C89CCAE5}.Debug|x86.ActiveCfg = Debug|Win32
		{34FAC50E-F83B-485B-85D5-A676C89CCAE5}.Debug|x86.Build.0 = Debug|Win32
		{34FAC50E-F83B-485B-85D5-A676C89CCAE5}.Release|x64.ActiveCfg = Release|x64
		{34FAC50E-F83B-485B-85D5-A676C89CCAE5}.Release|x64.Build.0 = Release|x64
		{34FAC50E-F83B-485B-85D5-A676C89CCAE5}.Release|x86.ActiveCfg = Release|Win32
		{34FAC50E-F83B-485B-85D5-A676C89CCAE5}.Release|x86.Build.0 = Release|Win32
		{9330B22A-3885-4CBD-8F2D-7170FAC3F4C8}.Debug|x64.ActiveCfg = Debug|x64
		{9330B22A-3885-4CBD-8F2D-7170FAC3F4C8}.Debug|x64.Build.0 = Debug|x64
		{9330B22A-3885-4CBD-8F2D-7170FAC3F4C8}.Debug|x86.ActiveCfg = Debug|Win32
		{9330B22A-3885-4CBD-8F2D-7170FAC3F4C8}.Debug|x86.Build.0 = Debug|Win32
		{9330B22A-3885-4CBD-8F2D-7170FAC3F4C8}.Release|x64.ActiveCfg = Release|x64
		{9330B22A-3885-4CBD-8F2D-7170FAC3F4C8}.Release|x64.Build.0 = Release|x64
		{9330B22A-3885-4CBD-8F2D-7170FAC3F4C8}.Release|x86.ActiveCfg = Release|Win32
		{9330B22A-3885-4CBD-8F2D-7170FAC3F4C8}.Release|x86.Build.0 = Release|Win32
		{02267EA6-F44B-4F07-9EDB-DA850F3AA989}.Debug|x64.ActiveCfg = Debug|x64
		{02267EA6-F44B-4F07-9EDB-DA850F3AA989}.Debug|x64.Build.0 = Debug|x64
		{02267EA6-F44B-4F07-9EDB-DA850F3AA989}.Debug|x86.ActiveCfg = Debug|Win32
		{02267EA6-F44B-4F07-9EDB-DA850F3AA989}.Debug|x86.Build.0 = Debug|Win32
		{02267EA6-F44B-4F07-9EDB-DA850F3AA989}.Release|x64.ActiveCfg = Release|x64
		{02267EA6-F44B-4F07-9EDB-DA850F3AA989}.Release|x64.Build.0 = Release|x64
		{02267EA6-F44B-4F07-9EDB-DA850F3AA989}.Release|x86.ActiveCfg = Release|Win32
		{02267EA6-F44B-4F07-9EDB-DA850F3AA989}.Release|x86.Build.0 = Release|Win32
		{01D02B85-EFF8-4A51-9D00-F7137B58DAAD}.Debug|x64.ActiveCfg = Debug|x64
		{01D02B85-EFF8-4A51-9D00-F7137B58DAAD}.Debug|x64.Build.0 = Debug|x64
		{01D02B85-EFF8-4A51-9D00-F7137B58DAAD}.Debug|x86.ActiveCfg = Debug|Win32
		{01D02B85-EFF8-4A51-9D00-F7137B58DAAD}.Debug|x86.Build.0 = Debug|Win32
		{01D02B85-EFF8-4A51-9D00-F7137B58DAAD}.Release|x64.ActiveCfg = Release|x64
		{01D02B85-EFF8-4A51-9D00-F7137B58DAAD}.Release|x64.Build.0 = Release|x64
		{01D02B85-EFF8-4A51-9D00-F7137B58DAAD}.Release|x86.ActiveCfg = Release|Win32
		{01D02B85-EFF8-4A51-9D00-F7137B58DAAD}.Release|x86.Build.0 = Release|Win32
		{684B72AA-7712-4553-A235-C9412D419F49}.Debug|x64.ActiveCfg = Debug|x64
		{684B72AA-7712-4553-A235-C9412D419F49}.Debug|x64.Build.0 = Debug|x64
		{684B72AA-7712-4553-A235-C9412D419F49}.Debug|x86.ActiveCfg = Debug|Win32
		{684B72AA-7712-4553-A235-C9412D419F49}.Debug|x86.Build.0 = Debug|Win32
		{684B72AA-7712-4553-A235-C9412D419F49}.Release|x64.ActiveCfg = Release|x64
		{684B72AA-7712-4553-A235-C9412D419F49}.Release|x64.Build.0 = Release|x64
		{684B72AA-7712-4553-A235-C9412D419F49}.Release|x86.ActiveCfg = Release|Win32
		{684B72AA-7712-4553-A235-C9412D419F49}.Release|x86.Build.0 = Release|Win32
		{31F079F8-C91F-4051-890A-975AF7348F9F}.Debug|x64.ActiveCfg = Debug|x64
		{31F079F8-C91F-4051-890A-975AF7348F9F}.Debug|x64.Build.0 = Debug|x64
		{31F079F8-C91F-4051-890A-975AF7348F9F}.Debug|x86.ActiveCfg = Debug|Win32
		{31F079F8-C91F-4051-890A-975AF7348F9F}.Debug|x86.Build.0 = Debug|Win32
		{31F079F8-C91F-4051-890A-975AF7348F9F}.Release|x64.ActiveCfg = Release|x64
		{31F079F8-C91F-4051-890A-975AF7348F9F}.Release|x64.Build.0 = Release|x64
		{31F079F8-C91F-4051-890A-975AF7348F9F}.Release|x86.ActiveCfg = Release|Win32
		{31F079F8-C91F-4051-890A-975AF7348F9F}.Release|x86.Build.0 = Release|Win32
	EndGlobalSection
	GlobalSection(SolutionProperties) = preSolution
		HideSolutionNode = FALSE
	EndGlobalSection
	GlobalSection(ExtensibilityGlobals) = postSolution
		SolutionGuid = {6293E103-BB68-4CA9-A85C-72C9BF7273E4}
	EndGlobalSection
EndGlobal
