<?xml version="1.0" encoding="utf-8"?>
<Project ToolsVersion="4.0" xmlns="http://schemas.microsoft.com/developer/msbuild/2003">
  <ItemGroup>
    <Filter Include="Include">
      <UniqueIdentifier>{680c6a47-067b-4781-a35e-ac6ad0b608b0}</UniqueIdentifier>
    </Filter>
    <Filter Include="Modules">
      <UniqueIdentifier>{5c6c4d75-c67b-4814-b7d6-50a9421bc30f}</UniqueIdentifier>
    </Filter>
    <Filter Include="Objects">
      <UniqueIdentifier>{e48abe94-82c3-4325-9052-db77055327c5}</UniqueIdentifier>
    </Filter>
    <Filter Include="Parser">
      <UniqueIdentifier>{f29f7b0d-f9cb-4e19-a849-8e765b43fe1a}</UniqueIdentifier>
    </Filter>
    <Filter Include="PC">
      <UniqueIdentifier>{b2cbd11d-1980-408d-8398-306376dac6a1}</UniqueIdentifier>
    </Filter>
    <Filter Include="Python">
      <UniqueIdentifier>{e5332c9f-cdc7-4079-96e3-8ed54a298561}</UniqueIdentifier>
    </Filter>
    <Filter Include="Include\internal">
      <UniqueIdentifier>{6ce4c20a-3a2f-4983-8d71-f2f01b45d49d}</UniqueIdentifier>
    </Filter>
  </ItemGroup>
  <ItemGroup>
    <ClInclude Include="..\..\..\src\python\Include\internal\ceval.h">
      <Filter>Include\internal</Filter>
    </ClInclude>
    <ClInclude Include="..\..\..\src\python\Include\internal\condvar.h">
      <Filter>Include\internal</Filter>
    </ClInclude>
    <ClInclude Include="..\..\..\src\python\Include\internal\context.h">
      <Filter>Include\internal</Filter>
    </ClInclude>
    <ClInclude Include="..\..\..\src\python\Include\internal\gil.h">
      <Filter>Include\internal</Filter>
    </ClInclude>
    <ClInclude Include="..\..\..\src\python\Include\internal\hamt.h">
      <Filter>Include\internal</Filter>
    </ClInclude>
    <ClInclude Include="..\..\..\src\python\Include\internal\hash.h">
      <Filter>Include\internal</Filter>
    </ClInclude>
    <ClInclude Include="..\..\..\src\python\Include\internal\import.h">
      <Filter>Include\internal</Filter>
    </ClInclude>
    <ClInclude Include="..\..\..\src\python\Include\internal\mem.h">
      <Filter>Include\internal</Filter>
    </ClInclude>
    <ClInclude Include="..\..\..\src\python\Include\internal\pygetopt.h">
      <Filter>Include\internal</Filter>
    </ClInclude>
    <ClInclude Include="..\..\..\src\python\Include\internal\pystate.h">
      <Filter>Include\internal</Filter>
    </ClInclude>
    <ClInclude Include="..\..\..\src\python\Include\internal\warnings.h">
      <Filter>Include\internal</Filter>
    </ClInclude>
    <ClInclude Include="..\..\..\src\python\Include\abstract.h">
      <Filter>Include</Filter>
    </ClInclude>
    <ClInclude Include="..\..\..\src\python\Include\accu.h">
      <Filter>Include</Filter>
    </ClInclude>
    <ClInclude Include="..\..\..\src\python\Include\asdl.h">
      <Filter>Include</Filter>
    </ClInclude>
    <ClInclude Include="..\..\..\src\python\Include\ast.h">
      <Filter>Include</Filter>
    </ClInclude>
    <ClInclude Include="..\..\..\src\python\Include\bitset.h">
      <Filter>Include</Filter>
    </ClInclude>
    <ClInclude Include="..\..\..\src\python\Include\bltinmodule.h">
      <Filter>Include</Filter>
    </ClInclude>
    <ClInclude Include="..\..\..\src\python\Include\boolobject.h">
      <Filter>Include</Filter>
    </ClInclude>
    <ClInclude Include="..\..\..\src\python\Include\bytearrayobject.h">
      <Filter>Include</Filter>
    </ClInclude>
    <ClInclude Include="..\..\..\src\python\Include\bytes_methods.h">
      <Filter>Include</Filter>
    </ClInclude>
    <ClInclude Include="..\..\..\src\python\Include\bytesobject.h">
      <Filter>Include</Filter>
    </ClInclude>
    <ClInclude Include="..\..\..\src\python\Include\cellobject.h">
      <Filter>Include</Filter>
    </ClInclude>
    <ClInclude Include="..\..\..\src\python\Include\ceval.h">
      <Filter>Include</Filter>
    </ClInclude>
    <ClInclude Include="..\..\..\src\python\Include\classobject.h">
      <Filter>Include</Filter>
    </ClInclude>
    <ClInclude Include="..\..\..\src\python\Include\code.h">
      <Filter>Include</Filter>
    </ClInclude>
    <ClInclude Include="..\..\..\src\python\Include\codecs.h">
      <Filter>Include</Filter>
    </ClInclude>
    <ClInclude Include="..\..\..\src\python\Include\compile.h">
      <Filter>Include</Filter>
    </ClInclude>
    <ClInclude Include="..\..\..\src\python\Include\complexobject.h">
      <Filter>Include</Filter>
    </ClInclude>
    <ClInclude Include="..\..\..\src\python\Include\context.h">
      <Filter>Include</Filter>
    </ClInclude>
    <ClInclude Include="..\..\..\src\python\Include\datetime.h">
      <Filter>Include</Filter>
    </ClInclude>
    <ClInclude Include="..\..\..\src\python\Include\descrobject.h">
      <Filter>Include</Filter>
    </ClInclude>
    <ClInclude Include="..\..\..\src\python\Include\dictobject.h">
      <Filter>Include</Filter>
    </ClInclude>
    <ClInclude Include="..\..\..\src\python\Include\dtoa.h">
      <Filter>Include</Filter>
    </ClInclude>
    <ClInclude Include="..\..\..\src\python\Include\dynamic_annotations.h">
      <Filter>Include</Filter>
    </ClInclude>
    <ClInclude Include="..\..\..\src\python\Include\enumobject.h">
      <Filter>Include</Filter>
    </ClInclude>
    <ClInclude Include="..\..\..\src\python\Include\errcode.h">
      <Filter>Include</Filter>
    </ClInclude>
    <ClInclude Include="..\..\..\src\python\Include\eval.h">
      <Filter>Include</Filter>
    </ClInclude>
    <ClInclude Include="..\..\..\src\python\Include\fileobject.h">
      <Filter>Include</Filter>
    </ClInclude>
    <ClInclude Include="..\..\..\src\python\Include\fileutils.h">
      <Filter>Include</Filter>
    </ClInclude>
    <ClInclude Include="..\..\..\src\python\Include\floatobject.h">
      <Filter>Include</Filter>
    </ClInclude>
    <ClInclude Include="..\..\..\src\python\Include\frameobject.h">
      <Filter>Include</Filter>
    </ClInclude>
    <ClInclude Include="..\..\..\src\python\Include\funcobject.h">
      <Filter>Include</Filter>
    </ClInclude>
    <ClInclude Include="..\..\..\src\python\Include\genobject.h">
      <Filter>Include</Filter>
    </ClInclude>
    <ClInclude Include="..\..\..\src\python\Include\graminit.h">
      <Filter>Include</Filter>
    </ClInclude>
    <ClInclude Include="..\..\..\src\python\Include\grammar.h">
      <Filter>Include</Filter>
    </ClInclude>
    <ClInclude Include="..\..\..\src\python\Include\import.h">
      <Filter>Include</Filter>
    </ClInclude>
    <ClInclude Include="..\..\..\src\python\Include\intrcheck.h">
      <Filter>Include</Filter>
    </ClInclude>
    <ClInclude Include="..\..\..\src\python\Include\iterobject.h">
      <Filter>Include</Filter>
    </ClInclude>
    <ClInclude Include="..\..\..\src\python\Include\listobject.h">
      <Filter>Include</Filter>
    </ClInclude>
    <ClInclude Include="..\..\..\src\python\Include\longintrepr.h">
      <Filter>Include</Filter>
    </ClInclude>
    <ClInclude Include="..\..\..\src\python\Include\longobject.h">
      <Filter>Include</Filter>
    </ClInclude>
    <ClInclude Include="..\..\..\src\python\Include\marshal.h">
      <Filter>Include</Filter>
    </ClInclude>
    <ClInclude Include="..\..\..\src\python\Include\memoryobject.h">
      <Filter>Include</Filter>
    </ClInclude>
    <ClInclude Include="..\..\..\src\python\Include\metagrammar.h">
      <Filter>Include</Filter>
    </ClInclude>
    <ClInclude Include="..\..\..\src\python\Include\methodobject.h">
      <Filter>Include</Filter>
    </ClInclude>
    <ClInclude Include="..\..\..\src\python\Include\modsupport.h">
      <Filter>Include</Filter>
    </ClInclude>
    <ClInclude Include="..\..\..\src\python\Include\moduleobject.h">
      <Filter>Include</Filter>
    </ClInclude>
    <ClInclude Include="..\..\..\src\python\Include\namespaceobject.h">
      <Filter>Include</Filter>
    </ClInclude>
    <ClInclude Include="..\..\..\src\python\Include\node.h">
      <Filter>Include</Filter>
    </ClInclude>
    <ClInclude Include="..\..\..\src\python\Include\object.h">
      <Filter>Include</Filter>
    </ClInclude>
    <ClInclude Include="..\..\..\src\python\Include\objimpl.h">
      <Filter>Include</Filter>
    </ClInclude>
    <ClInclude Include="..\..\..\src\python\Include\odictobject.h">
      <Filter>Include</Filter>
    </ClInclude>
    <ClInclude Include="..\..\..\src\python\Include\opcode.h">
      <Filter>Include</Filter>
    </ClInclude>
    <ClInclude Include="..\..\..\src\python\Include\osdefs.h">
      <Filter>Include</Filter>
    </ClInclude>
    <ClInclude Include="..\..\..\src\python\Include\osmodule.h">
      <Filter>Include</Filter>
    </ClInclude>
    <ClInclude Include="..\..\..\src\python\Include\parsetok.h">
      <Filter>Include</Filter>
    </ClInclude>
    <ClInclude Include="..\..\..\src\python\Include\patchlevel.h">
      <Filter>Include</Filter>
    </ClInclude>
    <ClInclude Include="..\..\..\src\python\Include\pgen.h">
      <Filter>Include</Filter>
    </ClInclude>
    <ClInclude Include="..\..\..\src\python\Include\pgenheaders.h">
      <Filter>Include</Filter>
    </ClInclude>
    <ClInclude Include="..\..\..\src\python\Include\py_curses.h">
      <Filter>Include</Filter>
    </ClInclude>
    <ClInclude Include="..\..\..\src\python\Include\pyarena.h">
      <Filter>Include</Filter>
    </ClInclude>
    <ClInclude Include="..\..\..\src\python\Include\pyatomic.h">
      <Filter>Include</Filter>
    </ClInclude>
    <ClInclude Include="..\..\..\src\python\Include\pycapsule.h">
      <Filter>Include</Filter>
    </ClInclude>
    <ClInclude Include="..\..\..\src\python\Include\pyctype.h">
      <Filter>Include</Filter>
    </ClInclude>
    <ClInclude Include="..\..\..\src\python\Include\pydebug.h">
      <Filter>Include</Filter>
    </ClInclude>
    <ClInclude Include="..\..\..\src\python\Include\pydtrace.h">
      <Filter>Include</Filter>
    </ClInclude>
    <ClInclude Include="..\..\..\src\python\Include\pyerrors.h">
      <Filter>Include</Filter>
    </ClInclude>
    <ClInclude Include="..\..\..\src\python\Include\pyexpat.h">
      <Filter>Include</Filter>
    </ClInclude>
    <ClInclude Include="..\..\..\src\python\Include\pyfpe.h">
      <Filter>Include</Filter>
    </ClInclude>
    <ClInclude Include="..\..\..\src\python\Include\pyhash.h">
      <Filter>Include</Filter>
    </ClInclude>
    <ClInclude Include="..\..\..\src\python\Include\pylifecycle.h">
      <Filter>Include</Filter>
    </ClInclude>
    <ClInclude Include="..\..\..\src\python\Include\pymacconfig.h">
      <Filter>Include</Filter>
    </ClInclude>
    <ClInclude Include="..\..\..\src\python\Include\pymacro.h">
      <Filter>Include</Filter>
    </ClInclude>
    <ClInclude Include="..\..\..\src\python\Include\pymath.h">
      <Filter>Include</Filter>
    </ClInclude>
    <ClInclude Include="..\..\..\src\python\Include\pymem.h">
      <Filter>Include</Filter>
    </ClInclude>
    <ClInclude Include="..\..\..\src\python\Include\pyport.h">
      <Filter>Include</Filter>
    </ClInclude>
    <ClInclude Include="..\..\..\src\python\Include\pystate.h">
      <Filter>Include</Filter>
    </ClInclude>
    <ClInclude Include="..\..\..\src\python\Include\pystrcmp.h">
      <Filter>Include</Filter>
    </ClInclude>
    <ClInclude Include="..\..\..\src\python\Include\pystrhex.h">
      <Filter>Include</Filter>
    </ClInclude>
    <ClInclude Include="..\..\..\src\python\Include\pystrtod.h">
      <Filter>Include</Filter>
    </ClInclude>
    <ClInclude Include="..\..\..\src\python\Include\Python.h">
      <Filter>Include</Filter>
    </ClInclude>
    <ClInclude Include="..\..\..\src\python\Include\Python-ast.h">
      <Filter>Include</Filter>
    </ClInclude>
    <ClInclude Include="..\..\..\src\python\Include\pythonrun.h">
      <Filter>Include</Filter>
    </ClInclude>
    <ClInclude Include="..\..\..\src\python\Include\pythread.h">
      <Filter>Include</Filter>
    </ClInclude>
    <ClInclude Include="..\..\..\src\python\Include\pytime.h">
      <Filter>Include</Filter>
    </ClInclude>
    <ClInclude Include="..\..\..\src\python\Include\rangeobject.h">
      <Filter>Include</Filter>
    </ClInclude>
    <ClInclude Include="..\..\..\src\python\Include\setobject.h">
      <Filter>Include</Filter>
    </ClInclude>
    <ClInclude Include="..\..\..\src\python\Include\sliceobject.h">
      <Filter>Include</Filter>
    </ClInclude>
    <ClInclude Include="..\..\..\src\python\Include\structmember.h">
      <Filter>Include</Filter>
    </ClInclude>
    <ClInclude Include="..\..\..\src\python\Include\structseq.h">
      <Filter>Include</Filter>
    </ClInclude>
    <ClInclude Include="..\..\..\src\python\Include\symtable.h">
      <Filter>Include</Filter>
    </ClInclude>
    <ClInclude Include="..\..\..\src\python\Include\sysmodule.h">
      <Filter>Include</Filter>
    </ClInclude>
    <ClInclude Include="..\..\..\src\python\Include\token.h">
      <Filter>Include</Filter>
    </ClInclude>
    <ClInclude Include="..\..\..\src\python\Include\traceback.h">
      <Filter>Include</Filter>
    </ClInclude>
    <ClInclude Include="..\..\..\src\python\Include\tupleobject.h">
      <Filter>Include</Filter>
    </ClInclude>
    <ClInclude Include="..\..\..\src\python\Include\typeslots.h">
      <Filter>Include</Filter>
    </ClInclude>
    <ClInclude Include="..\..\..\src\python\Include\ucnhash.h">
      <Filter>Include</Filter>
    </ClInclude>
    <ClInclude Include="..\..\..\src\python\Include\unicodeobject.h">
      <Filter>Include</Filter>
    </ClInclude>
    <ClInclude Include="..\..\..\src\python\Include\warnings.h">
      <Filter>Include</Filter>
    </ClInclude>
    <ClInclude Include="..\..\..\src\python\Include\weakrefobject.h">
      <Filter>Include</Filter>
    </ClInclude>
  </ItemGroup>
  <ItemGroup>
    <None Include="..\..\..\src\python\Include\pydtrace.d">
      <Filter>Include</Filter>
    </None>
  </ItemGroup>
  <ItemGroup>
    <ClCompile Include="..\..\..\src\python\Modules\getbuildinfo.c">
      <Filter>Modules</Filter>
    </ClCompile>
    <ClCompile Include="..\..\..\src\python\Python\mysnprintf.c">
      <Filter>Python</Filter>
    </ClCompile>
  </ItemGroup>
</Project>